{
  "version": 4,
  "terraform_version": "1.11.4",
  "serial": 94,
  "lineage": "0f8bb8ff-eedd-a250-b1bd-67cf2c80a874",
  "outputs": {
    "alb_dns_name": {
      "value": "spot-teacher-dev-dev-alb-600786040.ap-northeast-1.elb.amazonaws.com",
      "type": "string"
    }
  },
  "resources": [
    {
      "mode": "data",
      "type": "aws_caller_identity",
      "name": "current",
      "provider": "provider[\"registry.terraform.io/hashicorp/aws\"]",
      "instances": [
        {
          "schema_version": 0,
          "attributes": {
            "account_id": "337909779916",
            "arn": "arn:aws:iam::337909779916:user/kae",
            "id": "337909779916",
            "user_id": "AIDAU5LH6BXGPIRYF6V7K"
          },
          "sensitive_attributes": []
        }
      ]
    },
    {
      "mode": "data",
      "type": "aws_region",
      "name": "current",
      "provider": "provider[\"registry.terraform.io/hashicorp/aws\"]",
      "instances": [
        {
          "schema_version": 0,
          "attributes": {
            "description": "Asia Pacific (Tokyo)",
            "endpoint": "ec2.ap-northeast-1.amazonaws.com",
            "id": "ap-northeast-1",
            "name": "ap-northeast-1"
          },
          "sensitive_attributes": []
        }
      ]
    },
    {
      "module": "module.alb",
      "mode": "managed",
      "type": "aws_lb",
      "name": "main",
      "provider": "provider[\"registry.terraform.io/hashicorp/aws\"]",
      "instances": [
        {
          "schema_version": 0,
          "attributes": {
            "access_logs": [
              {
                "bucket": "",
                "enabled": false,
                "prefix": ""
              }
            ],
            "arn": "arn:aws:elasticloadbalancing:ap-northeast-1:337909779916:loadbalancer/app/spot-teacher-dev-dev-alb/b50c5d00bb2ddc84",
            "arn_suffix": "app/spot-teacher-dev-dev-alb/b50c5d00bb2ddc84",
            "client_keep_alive": 3600,
            "connection_logs": [
              {
                "bucket": "",
                "enabled": false,
                "prefix": ""
              }
            ],
            "customer_owned_ipv4_pool": "",
            "desync_mitigation_mode": "defensive",
            "dns_name": "spot-teacher-dev-dev-alb-600786040.ap-northeast-1.elb.amazonaws.com",
            "dns_record_client_routing_policy": null,
            "drop_invalid_header_fields": false,
            "enable_cross_zone_load_balancing": true,
            "enable_deletion_protection": false,
            "enable_http2": true,
            "enable_tls_version_and_cipher_suite_headers": false,
            "enable_waf_fail_open": false,
            "enable_xff_client_port": false,
            "enable_zonal_shift": false,
            "enforce_security_group_inbound_rules_on_private_link_traffic": "",
            "id": "arn:aws:elasticloadbalancing:ap-northeast-1:337909779916:loadbalancer/app/spot-teacher-dev-dev-alb/b50c5d00bb2ddc84",
            "idle_timeout": 60,
            "internal": false,
            "ip_address_type": "ipv4",
            "ipam_pools": [],
            "load_balancer_type": "application",
            "name": "spot-teacher-dev-dev-alb",
            "name_prefix": "",
            "preserve_host_header": false,
            "security_groups": [
              "sg-0a9f9ac29ca857185"
            ],
            "subnet_mapping": [
              {
                "allocation_id": "",
                "ipv6_address": "",
                "outpost_id": "",
                "private_ipv4_address": "",
                "subnet_id": "subnet-095f338e8a9375760"
              },
              {
                "allocation_id": "",
                "ipv6_address": "",
                "outpost_id": "",
                "private_ipv4_address": "",
                "subnet_id": "subnet-09d0ddb289dffd8f3"
              }
            ],
            "subnets": [
              "subnet-095f338e8a9375760",
              "subnet-09d0ddb289dffd8f3"
            ],
            "tags": {
              "Name": "spot-teacher-dev-dev-alb"
            },
            "tags_all": {
              "Name": "spot-teacher-dev-dev-alb",
              "env": "dev",
              "managedBy": "terraform",
              "team": "spot-teacher-dev"
            },
            "timeouts": null,
            "vpc_id": "vpc-04c237cec64c76fe7",
            "xff_header_processing_mode": "append",
            "zone_id": "Z14GRHDCWA56QT"
          },
          "sensitive_attributes": [],
          "private": "eyJlMmJmYjczMC1lY2FhLTExZTYtOGY4OC0zNDM2M2JjN2M0YzAiOnsiY3JlYXRlIjo2MDAwMDAwMDAwMDAsImRlbGV0ZSI6NjAwMDAwMDAwMDAwLCJ1cGRhdGUiOjYwMDAwMDAwMDAwMH19",
          "dependencies": [
            "module.network.aws_eip.nat_gateway",
            "module.network.aws_internet_gateway.main",
            "module.network.aws_nat_gateway.main",
            "module.network.aws_route_table.private",
            "module.network.aws_route_table.public",
            "module.network.aws_route_table_association.private",
            "module.network.aws_route_table_association.public",
            "module.network.aws_subnet.private",
            "module.network.aws_subnet.public",
            "module.network.aws_vpc.main",
            "module.security_groups.aws_security_group.alb",
            "module.security_groups.aws_security_group.bastion",
            "module.security_groups.aws_security_group.ecs",
            "module.security_groups.aws_security_group.rds",
            "module.security_groups.aws_security_group_rule.alb_ingress_http",
            "module.security_groups.aws_security_group_rule.bastion_ingress_ssh",
            "module.security_groups.aws_security_group_rule.ecs_egress_to_internet",
            "module.security_groups.aws_security_group_rule.ecs_ingress_from_alb",
            "module.security_groups.aws_security_group_rule.ecs_same_sg",
            "module.security_groups.aws_security_group_rule.rds_ingress_from_bastion",
            "module.security_groups.aws_security_group_rule.rds_ingress_from_ecs"
          ]
        }
      ]
    },
    {
      "module": "module.alb",
      "mode": "managed",
      "type": "aws_lb_listener",
      "name": "main",
      "provider": "provider[\"registry.terraform.io/hashicorp/aws\"]",
      "instances": [
        {
          "schema_version": 0,
          "attributes": {
            "alpn_policy": null,
            "arn": "arn:aws:elasticloadbalancing:ap-northeast-1:337909779916:listener/app/spot-teacher-dev-dev-alb/b50c5d00bb2ddc84/e0f8a58cb4a69e73",
            "certificate_arn": null,
            "default_action": [
              {
                "authenticate_cognito": [],
                "authenticate_oidc": [],
                "fixed_response": [],
                "forward": [],
                "order": 1,
                "redirect": [],
                "target_group_arn": "arn:aws:elasticloadbalancing:ap-northeast-1:337909779916:targetgroup/spot-teacher-dev-dev-tg/ba5cb849cfe6c5b2",
                "type": "forward"
              }
            ],
            "id": "arn:aws:elasticloadbalancing:ap-northeast-1:337909779916:listener/app/spot-teacher-dev-dev-alb/b50c5d00bb2ddc84/e0f8a58cb4a69e73",
            "load_balancer_arn": "arn:aws:elasticloadbalancing:ap-northeast-1:337909779916:loadbalancer/app/spot-teacher-dev-dev-alb/b50c5d00bb2ddc84",
            "mutual_authentication": [],
            "port": 80,
            "protocol": "HTTP",
            "routing_http_request_x_amzn_mtls_clientcert_header_name": null,
            "routing_http_request_x_amzn_mtls_clientcert_issuer_header_name": null,
            "routing_http_request_x_amzn_mtls_clientcert_leaf_header_name": null,
            "routing_http_request_x_amzn_mtls_clientcert_serial_number_header_name": null,
            "routing_http_request_x_amzn_mtls_clientcert_subject_header_name": null,
            "routing_http_request_x_amzn_mtls_clientcert_validity_header_name": null,
            "routing_http_request_x_amzn_tls_cipher_suite_header_name": null,
            "routing_http_request_x_amzn_tls_version_header_name": null,
            "routing_http_response_access_control_allow_credentials_header_value": "",
            "routing_http_response_access_control_allow_headers_header_value": "",
            "routing_http_response_access_control_allow_methods_header_value": "",
            "routing_http_response_access_control_allow_origin_header_value": "",
            "routing_http_response_access_control_expose_headers_header_value": "",
            "routing_http_response_access_control_max_age_header_value": "",
            "routing_http_response_content_security_policy_header_value": "",
            "routing_http_response_server_enabled": false,
            "routing_http_response_strict_transport_security_header_value": "",
            "routing_http_response_x_content_type_options_header_value": "",
            "routing_http_response_x_frame_options_header_value": "",
            "ssl_policy": "",
            "tags": {
              "Name": "spot-teacher-dev-dev-listener-80"
            },
            "tags_all": {
              "Name": "spot-teacher-dev-dev-listener-80",
              "env": "dev",
              "managedBy": "terraform",
              "team": "spot-teacher-dev"
            },
            "tcp_idle_timeout_seconds": null,
            "timeouts": null
          },
          "sensitive_attributes": [],
          "private": "eyJlMmJmYjczMC1lY2FhLTExZTYtOGY4OC0zNDM2M2JjN2M0YzAiOnsiY3JlYXRlIjozMDAwMDAwMDAwMDAsInVwZGF0ZSI6MzAwMDAwMDAwMDAwfX0=",
          "dependencies": [
            "module.alb.aws_lb.main",
            "module.alb.aws_lb_target_group.main",
            "module.network.aws_eip.nat_gateway",
            "module.network.aws_internet_gateway.main",
            "module.network.aws_nat_gateway.main",
            "module.network.aws_route_table.private",
            "module.network.aws_route_table.public",
            "module.network.aws_route_table_association.private",
            "module.network.aws_route_table_association.public",
            "module.network.aws_subnet.private",
            "module.network.aws_subnet.public",
            "module.network.aws_vpc.main",
            "module.security_groups.aws_security_group.alb",
            "module.security_groups.aws_security_group.bastion",
            "module.security_groups.aws_security_group.ecs",
            "module.security_groups.aws_security_group.rds",
            "module.security_groups.aws_security_group_rule.alb_ingress_http",
            "module.security_groups.aws_security_group_rule.bastion_ingress_ssh",
            "module.security_groups.aws_security_group_rule.ecs_egress_to_internet",
            "module.security_groups.aws_security_group_rule.ecs_ingress_from_alb",
            "module.security_groups.aws_security_group_rule.ecs_same_sg",
            "module.security_groups.aws_security_group_rule.rds_ingress_from_bastion",
            "module.security_groups.aws_security_group_rule.rds_ingress_from_ecs"
          ]
        }
      ]
    },
    {
      "module": "module.alb",
      "mode": "managed",
      "type": "aws_lb_target_group",
      "name": "main",
      "provider": "provider[\"registry.terraform.io/hashicorp/aws\"]",
      "instances": [
        {
          "schema_version": 0,
          "attributes": {
            "arn": "arn:aws:elasticloadbalancing:ap-northeast-1:337909779916:targetgroup/spot-teacher-dev-dev-tg/ba5cb849cfe6c5b2",
            "arn_suffix": "targetgroup/spot-teacher-dev-dev-tg/ba5cb849cfe6c5b2",
            "connection_termination": null,
            "deregistration_delay": "300",
            "health_check": [
              {
                "enabled": true,
                "healthy_threshold": 2,
                "interval": 30,
                "matcher": "200",
                "path": "/",
                "port": "traffic-port",
                "protocol": "HTTP",
                "timeout": 5,
                "unhealthy_threshold": 3
              }
            ],
            "id": "arn:aws:elasticloadbalancing:ap-northeast-1:337909779916:targetgroup/spot-teacher-dev-dev-tg/ba5cb849cfe6c5b2",
            "ip_address_type": "ipv4",
            "lambda_multi_value_headers_enabled": false,
            "load_balancer_arns": [
              "arn:aws:elasticloadbalancing:ap-northeast-1:337909779916:loadbalancer/app/spot-teacher-dev-dev-alb/b50c5d00bb2ddc84"
            ],
            "load_balancing_algorithm_type": "round_robin",
            "load_balancing_anomaly_mitigation": "off",
            "load_balancing_cross_zone_enabled": "use_load_balancer_configuration",
            "name": "spot-teacher-dev-dev-tg",
            "name_prefix": "",
            "port": 8080,
            "preserve_client_ip": null,
            "protocol": "HTTP",
            "protocol_version": "HTTP1",
            "proxy_protocol_v2": false,
            "slow_start": 0,
            "stickiness": [
              {
                "cookie_duration": 86400,
                "cookie_name": "",
                "enabled": false,
                "type": "lb_cookie"
              }
            ],
            "tags": {
              "Name": "spot-teacher-dev-dev-tg"
            },
            "tags_all": {
              "Name": "spot-teacher-dev-dev-tg",
              "env": "dev",
              "managedBy": "terraform",
              "team": "spot-teacher-dev"
            },
            "target_failover": [
              {
                "on_deregistration": null,
                "on_unhealthy": null
              }
            ],
            "target_group_health": [
              {
                "dns_failover": [
                  {
                    "minimum_healthy_targets_count": "1",
                    "minimum_healthy_targets_percentage": "off"
                  }
                ],
                "unhealthy_state_routing": [
                  {
                    "minimum_healthy_targets_count": 1,
                    "minimum_healthy_targets_percentage": "off"
                  }
                ]
              }
            ],
            "target_health_state": [
              {
                "enable_unhealthy_connection_termination": null,
                "unhealthy_draining_interval": null
              }
            ],
            "target_type": "ip",
            "vpc_id": "vpc-04c237cec64c76fe7"
          },
          "sensitive_attributes": [],
          "private": "bnVsbA==",
          "dependencies": [
            "module.network.aws_eip.nat_gateway",
            "module.network.aws_internet_gateway.main",
            "module.network.aws_nat_gateway.main",
            "module.network.aws_route_table.private",
            "module.network.aws_route_table.public",
            "module.network.aws_route_table_association.private",
            "module.network.aws_route_table_association.public",
            "module.network.aws_subnet.private",
            "module.network.aws_subnet.public",
            "module.network.aws_vpc.main",
            "module.security_groups.aws_security_group.alb",
            "module.security_groups.aws_security_group.bastion",
            "module.security_groups.aws_security_group.ecs",
            "module.security_groups.aws_security_group.rds",
            "module.security_groups.aws_security_group_rule.alb_ingress_http",
            "module.security_groups.aws_security_group_rule.bastion_ingress_ssh",
            "module.security_groups.aws_security_group_rule.ecs_egress_to_internet",
            "module.security_groups.aws_security_group_rule.ecs_ingress_from_alb",
            "module.security_groups.aws_security_group_rule.ecs_same_sg",
            "module.security_groups.aws_security_group_rule.rds_ingress_from_bastion",
            "module.security_groups.aws_security_group_rule.rds_ingress_from_ecs"
          ]
        }
      ]
    },
    {
      "module": "module.ecs",
      "mode": "managed",
      "type": "aws_cloudwatch_log_group",
      "name": "app_logs",
      "provider": "provider[\"registry.terraform.io/hashicorp/aws\"]",
      "instances": [
        {
          "schema_version": 0,
          "attributes": {
            "arn": "arn:aws:logs:ap-northeast-1:337909779916:log-group:/ecs/spot-teacher-dev-dev",
            "id": "/ecs/spot-teacher-dev-dev",
            "kms_key_id": "",
            "log_group_class": "STANDARD",
            "name": "/ecs/spot-teacher-dev-dev",
            "name_prefix": "",
            "retention_in_days": 30,
            "skip_destroy": false,
            "tags": {
              "Env": "dev",
              "Name": "spot-teacher-dev-dev-logs"
            },
            "tags_all": {
              "Env": "dev",
              "Name": "spot-teacher-dev-dev-logs",
              "env": "dev",
              "managedBy": "terraform",
              "team": "spot-teacher-dev"
            }
          },
          "sensitive_attributes": [],
          "private": "bnVsbA==",
          "dependencies": [
            "data.aws_caller_identity.current",
            "data.aws_region.current",
            "module.alb.aws_lb.main",
            "module.alb.aws_lb_listener.main",
            "module.alb.aws_lb_target_group.main",
            "module.iam.aws_iam_role.app_task_role",
            "module.iam.aws_iam_role.rds_monitoring_role",
            "module.iam.aws_iam_role.task_execution_role",
            "module.iam.aws_iam_role_policy.app_secretsmanager_policy",
            "module.iam.aws_iam_role_policy_attachment.rds_monitoring_policy",
            "module.iam.aws_iam_role_policy_attachment.task_execution_policy",
            "module.iam.data.aws_iam_policy_document.app_secretsmanager_read",
            "module.iam.data.aws_iam_policy_document.ecs_tasks_assume_role",
            "module.iam.data.aws_iam_policy_document.rds_monitoring_assume_role",
            "module.network.aws_eip.nat_gateway",
            "module.network.aws_internet_gateway.main",
            "module.network.aws_nat_gateway.main",
            "module.network.aws_route_table.private",
            "module.network.aws_route_table.public",
            "module.network.aws_route_table_association.private",
            "module.network.aws_route_table_association.public",
            "module.network.aws_subnet.private",
            "module.network.aws_subnet.public",
            "module.network.aws_vpc.main",
            "module.rds.aws_db_instance.main",
            "module.rds.aws_db_parameter_group.main",
            "module.rds.aws_db_subnet_group.main",
            "module.security_groups.aws_security_group.alb",
            "module.security_groups.aws_security_group.bastion",
            "module.security_groups.aws_security_group.ecs",
            "module.security_groups.aws_security_group.rds",
            "module.security_groups.aws_security_group_rule.alb_ingress_http",
            "module.security_groups.aws_security_group_rule.bastion_ingress_ssh",
            "module.security_groups.aws_security_group_rule.ecs_egress_to_internet",
            "module.security_groups.aws_security_group_rule.ecs_ingress_from_alb",
            "module.security_groups.aws_security_group_rule.ecs_same_sg",
            "module.security_groups.aws_security_group_rule.rds_ingress_from_bastion",
            "module.security_groups.aws_security_group_rule.rds_ingress_from_ecs"
          ]
        }
      ]
    },
    {
      "module": "module.ecs",
      "mode": "managed",
      "type": "aws_ecs_cluster",
      "name": "app_cluster",
      "provider": "provider[\"registry.terraform.io/hashicorp/aws\"]",
      "instances": [
        {
          "schema_version": 0,
          "attributes": {
            "arn": "arn:aws:ecs:ap-northeast-1:337909779916:cluster/spot-teacher-dev-cluster",
            "configuration": [],
            "id": "arn:aws:ecs:ap-northeast-1:337909779916:cluster/spot-teacher-dev-cluster",
            "name": "spot-teacher-dev-cluster",
            "service_connect_defaults": [],
            "setting": [
              {
                "name": "containerInsights",
                "value": "disabled"
              }
            ],
            "tags": {
              "Name": "spot-teacher-dev-cluster"
            },
            "tags_all": {
              "Name": "spot-teacher-dev-cluster",
              "env": "dev",
              "managedBy": "terraform",
              "team": "spot-teacher-dev"
            }
          },
          "sensitive_attributes": [],
          "private": "bnVsbA==",
          "dependencies": [
            "data.aws_caller_identity.current",
            "data.aws_region.current",
            "module.alb.aws_lb.main",
            "module.alb.aws_lb_listener.main",
            "module.alb.aws_lb_target_group.main",
            "module.iam.aws_iam_role.app_task_role",
            "module.iam.aws_iam_role.rds_monitoring_role",
            "module.iam.aws_iam_role.task_execution_role",
            "module.iam.aws_iam_role_policy.app_secretsmanager_policy",
            "module.iam.aws_iam_role_policy_attachment.rds_monitoring_policy",
            "module.iam.aws_iam_role_policy_attachment.task_execution_policy",
            "module.iam.data.aws_iam_policy_document.app_secretsmanager_read",
            "module.iam.data.aws_iam_policy_document.ecs_tasks_assume_role",
            "module.iam.data.aws_iam_policy_document.rds_monitoring_assume_role",
            "module.network.aws_eip.nat_gateway",
            "module.network.aws_internet_gateway.main",
            "module.network.aws_nat_gateway.main",
            "module.network.aws_route_table.private",
            "module.network.aws_route_table.public",
            "module.network.aws_route_table_association.private",
            "module.network.aws_route_table_association.public",
            "module.network.aws_subnet.private",
            "module.network.aws_subnet.public",
            "module.network.aws_vpc.main",
            "module.rds.aws_db_instance.main",
            "module.rds.aws_db_parameter_group.main",
            "module.rds.aws_db_subnet_group.main",
            "module.security_groups.aws_security_group.alb",
            "module.security_groups.aws_security_group.bastion",
            "module.security_groups.aws_security_group.ecs",
            "module.security_groups.aws_security_group.rds",
            "module.security_groups.aws_security_group_rule.alb_ingress_http",
            "module.security_groups.aws_security_group_rule.bastion_ingress_ssh",
            "module.security_groups.aws_security_group_rule.ecs_egress_to_internet",
            "module.security_groups.aws_security_group_rule.ecs_ingress_from_alb",
            "module.security_groups.aws_security_group_rule.ecs_same_sg",
            "module.security_groups.aws_security_group_rule.rds_ingress_from_bastion",
            "module.security_groups.aws_security_group_rule.rds_ingress_from_ecs"
          ]
        }
      ]
    },
    {
      "module": "module.ecs",
      "mode": "managed",
      "type": "aws_ecs_task_definition",
      "name": "app_task",
      "provider": "provider[\"registry.terraform.io/hashicorp/aws\"]",
      "instances": [
        {
          "schema_version": 1,
          "attributes": {
            "arn": "arn:aws:ecs:ap-northeast-1:337909779916:task-definition/spot-teacher-dev-task:1",
            "arn_without_revision": "arn:aws:ecs:ap-northeast-1:337909779916:task-definition/spot-teacher-dev-task",
            "container_definitions": "[{\"cpu\":256,\"environment\":[],\"essential\":true,\"healthCheck\":{\"command\":[\"CMD-SHELL\",\"curl -f http://localhost:8080/health || exit 1\"],\"interval\":30,\"retries\":3,\"startPeriod\":0,\"timeout\":5},\"image\":\"xxxxxxxxxxxx.dkr.ecr.ap-northeast-1.amazonaws.com/my-go-app:latest\",\"logConfiguration\":{\"logDriver\":\"awslogs\",\"options\":{\"awslogs-group\":\"/ecs/spot-teacher-dev\",\"awslogs-region\":\"ap-northeast-1\",\"awslogs-stream-prefix\":\"ecs\"}},\"memory\":512,\"mountPoints\":[],\"name\":\"spot-teacher-dev-container\",\"portMappings\":[{\"containerPort\":8080,\"hostPort\":8080,\"protocol\":\"tcp\"}],\"systemControls\":[],\"volumesFrom\":[]}]",
            "cpu": "256",
            "enable_fault_injection": false,
            "ephemeral_storage": [],
            "execution_role_arn": "arn:aws:iam::337909779916:role/spot-teacher-dev-ecsTaskExecutionRole",
            "family": "spot-teacher-dev-task",
            "id": "spot-teacher-dev-task",
            "inference_accelerator": [],
            "ipc_mode": "",
            "memory": "512",
            "network_mode": "awsvpc",
            "pid_mode": "",
            "placement_constraints": [],
            "proxy_configuration": [],
            "requires_compatibilities": [
              "FARGATE"
            ],
            "revision": 1,
            "runtime_platform": [],
            "skip_destroy": false,
            "tags": {
              "Name": "spot-teacher-dev-task-definition"
            },
            "tags_all": {
              "Name": "spot-teacher-dev-task-definition",
              "env": "dev",
              "managedBy": "terraform",
              "team": "spot-teacher-dev"
            },
            "task_role_arn": "",
            "track_latest": false,
            "volume": []
          },
          "sensitive_attributes": [],
          "private": "eyJzY2hlbWFfdmVyc2lvbiI6IjEifQ==",
          "dependencies": [
            "data.aws_caller_identity.current",
            "data.aws_region.current",
            "module.alb.aws_lb.main",
            "module.alb.aws_lb_listener.main",
            "module.alb.aws_lb_target_group.main",
            "module.ecs.aws_iam_role.task_execution_role",
            "module.iam.aws_iam_role.app_task_role",
            "module.iam.aws_iam_role.rds_monitoring_role",
            "module.iam.aws_iam_role.task_execution_role",
            "module.iam.aws_iam_role_policy.app_secretsmanager_policy",
            "module.iam.aws_iam_role_policy_attachment.rds_monitoring_policy",
            "module.iam.aws_iam_role_policy_attachment.task_execution_policy",
            "module.iam.data.aws_iam_policy_document.app_secretsmanager_read",
            "module.iam.data.aws_iam_policy_document.ecs_tasks_assume_role",
            "module.iam.data.aws_iam_policy_document.rds_monitoring_assume_role",
            "module.network.aws_eip.nat_gateway",
            "module.network.aws_internet_gateway.main",
            "module.network.aws_nat_gateway.main",
            "module.network.aws_route_table.private",
            "module.network.aws_route_table.public",
            "module.network.aws_route_table_association.private",
            "module.network.aws_route_table_association.public",
            "module.network.aws_subnet.private",
            "module.network.aws_subnet.public",
            "module.network.aws_vpc.main",
            "module.rds.aws_db_instance.main",
            "module.rds.aws_db_parameter_group.main",
            "module.rds.aws_db_subnet_group.main",
            "module.security_groups.aws_security_group.alb",
            "module.security_groups.aws_security_group.bastion",
            "module.security_groups.aws_security_group.ecs",
            "module.security_groups.aws_security_group.rds",
            "module.security_groups.aws_security_group_rule.alb_ingress_http",
            "module.security_groups.aws_security_group_rule.bastion_ingress_ssh",
            "module.security_groups.aws_security_group_rule.ecs_egress_to_internet",
            "module.security_groups.aws_security_group_rule.ecs_ingress_from_alb",
            "module.security_groups.aws_security_group_rule.ecs_same_sg",
            "module.security_groups.aws_security_group_rule.rds_ingress_from_bastion",
            "module.security_groups.aws_security_group_rule.rds_ingress_from_ecs"
          ]
        }
      ]
    },
    {
      "module": "module.ecs",
      "mode": "managed",
      "type": "aws_iam_role",
      "name": "task_execution_role",
      "provider": "provider[\"registry.terraform.io/hashicorp/aws\"]",
      "instances": [
        {
          "schema_version": 0,
          "attributes": {
            "arn": "arn:aws:iam::337909779916:role/spot-teacher-dev-ecsTaskExecutionRole",
            "assume_role_policy": "{\"Statement\":[{\"Action\":\"sts:AssumeRole\",\"Effect\":\"Allow\",\"Principal\":{\"Service\":\"ecs-tasks.amazonaws.com\"}}],\"Version\":\"2012-10-17\"}",
            "create_date": "2025-05-06T14:15:10Z",
            "description": "",
            "force_detach_policies": false,
            "id": "spot-teacher-dev-ecsTaskExecutionRole",
            "inline_policy": [],
            "managed_policy_arns": [],
            "max_session_duration": 3600,
            "name": "spot-teacher-dev-ecsTaskExecutionRole",
            "name_prefix": "",
            "path": "/",
            "permissions_boundary": "",
            "tags": null,
            "tags_all": {
              "env": "dev",
              "managedBy": "terraform",
              "team": "spot-teacher-dev"
            },
            "unique_id": "AROAU5LH6BXGCPCT7MN3J"
          },
          "sensitive_attributes": [],
          "private": "bnVsbA==",
          "dependencies": [
            "data.aws_caller_identity.current",
            "data.aws_region.current",
            "module.alb.aws_lb.main",
            "module.alb.aws_lb_listener.main",
            "module.alb.aws_lb_target_group.main",
            "module.iam.aws_iam_role.app_task_role",
            "module.iam.aws_iam_role.rds_monitoring_role",
            "module.iam.aws_iam_role.task_execution_role",
            "module.iam.aws_iam_role_policy.app_secretsmanager_policy",
            "module.iam.aws_iam_role_policy_attachment.rds_monitoring_policy",
            "module.iam.aws_iam_role_policy_attachment.task_execution_policy",
            "module.iam.data.aws_iam_policy_document.app_secretsmanager_read",
            "module.iam.data.aws_iam_policy_document.ecs_tasks_assume_role",
            "module.iam.data.aws_iam_policy_document.rds_monitoring_assume_role",
            "module.network.aws_eip.nat_gateway",
            "module.network.aws_internet_gateway.main",
            "module.network.aws_nat_gateway.main",
            "module.network.aws_route_table.private",
            "module.network.aws_route_table.public",
            "module.network.aws_route_table_association.private",
            "module.network.aws_route_table_association.public",
            "module.network.aws_subnet.private",
            "module.network.aws_subnet.public",
            "module.network.aws_vpc.main",
            "module.rds.aws_db_instance.main",
            "module.rds.aws_db_parameter_group.main",
            "module.rds.aws_db_subnet_group.main",
            "module.security_groups.aws_security_group.alb",
            "module.security_groups.aws_security_group.bastion",
            "module.security_groups.aws_security_group.ecs",
            "module.security_groups.aws_security_group.rds",
            "module.security_groups.aws_security_group_rule.alb_ingress_http",
            "module.security_groups.aws_security_group_rule.bastion_ingress_ssh",
            "module.security_groups.aws_security_group_rule.ecs_egress_to_internet",
            "module.security_groups.aws_security_group_rule.ecs_ingress_from_alb",
            "module.security_groups.aws_security_group_rule.ecs_same_sg",
            "module.security_groups.aws_security_group_rule.rds_ingress_from_bastion",
            "module.security_groups.aws_security_group_rule.rds_ingress_from_ecs"
          ]
        }
      ]
    },
    {
      "module": "module.ecs",
      "mode": "managed",
      "type": "aws_iam_role_policy_attachment",
      "name": "task_execution_policy",
      "provider": "provider[\"registry.terraform.io/hashicorp/aws\"]",
      "instances": [
        {
          "schema_version": 0,
          "attributes": {
            "id": "spot-teacher-dev-ecsTaskExecutionRole-20250506141511625100000001",
            "policy_arn": "arn:aws:iam::aws:policy/service-role/AmazonECSTaskExecutionRolePolicy",
            "role": "spot-teacher-dev-ecsTaskExecutionRole"
          },
          "sensitive_attributes": [],
          "private": "bnVsbA==",
          "dependencies": [
            "data.aws_caller_identity.current",
            "data.aws_region.current",
            "module.alb.aws_lb.main",
            "module.alb.aws_lb_listener.main",
            "module.alb.aws_lb_target_group.main",
            "module.ecs.aws_iam_role.task_execution_role",
            "module.iam.aws_iam_role.app_task_role",
            "module.iam.aws_iam_role.rds_monitoring_role",
            "module.iam.aws_iam_role.task_execution_role",
            "module.iam.aws_iam_role_policy.app_secretsmanager_policy",
            "module.iam.aws_iam_role_policy_attachment.rds_monitoring_policy",
            "module.iam.aws_iam_role_policy_attachment.task_execution_policy",
            "module.iam.data.aws_iam_policy_document.app_secretsmanager_read",
            "module.iam.data.aws_iam_policy_document.ecs_tasks_assume_role",
            "module.iam.data.aws_iam_policy_document.rds_monitoring_assume_role",
            "module.network.aws_eip.nat_gateway",
            "module.network.aws_internet_gateway.main",
            "module.network.aws_nat_gateway.main",
            "module.network.aws_route_table.private",
            "module.network.aws_route_table.public",
            "module.network.aws_route_table_association.private",
            "module.network.aws_route_table_association.public",
            "module.network.aws_subnet.private",
            "module.network.aws_subnet.public",
            "module.network.aws_vpc.main",
            "module.rds.aws_db_instance.main",
            "module.rds.aws_db_parameter_group.main",
            "module.rds.aws_db_subnet_group.main",
            "module.security_groups.aws_security_group.alb",
            "module.security_groups.aws_security_group.bastion",
            "module.security_groups.aws_security_group.ecs",
            "module.security_groups.aws_security_group.rds",
            "module.security_groups.aws_security_group_rule.alb_ingress_http",
            "module.security_groups.aws_security_group_rule.bastion_ingress_ssh",
            "module.security_groups.aws_security_group_rule.ecs_egress_to_internet",
            "module.security_groups.aws_security_group_rule.ecs_ingress_from_alb",
            "module.security_groups.aws_security_group_rule.ecs_same_sg",
            "module.security_groups.aws_security_group_rule.rds_ingress_from_bastion",
            "module.security_groups.aws_security_group_rule.rds_ingress_from_ecs"
          ]
        }
      ]
    },
    {
      "module": "module.iam",
      "mode": "data",
      "type": "aws_iam_policy_document",
      "name": "app_secretsmanager_read",
      "provider": "provider[\"registry.terraform.io/hashicorp/aws\"]",
      "instances": [
        {
          "schema_version": 0,
          "attributes": {
            "id": "3733239928",
            "json": "{\n  \"Version\": \"2012-10-17\",\n  \"Statement\": [\n    {\n      \"Effect\": \"Allow\",\n      \"Action\": [\n        \"secretsmanager:GetSecretValue\",\n        \"secretsmanager:DescribeSecret\"\n      ],\n      \"Resource\": \"arn:aws:secretsmanager:ap-northeast-1:337909779916:secret:your/db/password/secret/id-*\"\n    }\n  ]\n}",
            "minified_json": "{\"Version\":\"2012-10-17\",\"Statement\":[{\"Effect\":\"Allow\",\"Action\":[\"secretsmanager:GetSecretValue\",\"secretsmanager:DescribeSecret\"],\"Resource\":\"arn:aws:secretsmanager:ap-northeast-1:337909779916:secret:your/db/password/secret/id-*\"}]}",
            "override_json": null,
            "override_policy_documents": null,
            "policy_id": null,
            "source_json": null,
            "source_policy_documents": null,
            "statement": [
              {
                "actions": [
                  "secretsmanager:DescribeSecret",
                  "secretsmanager:GetSecretValue"
                ],
                "condition": [],
                "effect": "Allow",
                "not_actions": [],
                "not_principals": [],
                "not_resources": [],
                "principals": [],
                "resources": [
                  "arn:aws:secretsmanager:ap-northeast-1:337909779916:secret:your/db/password/secret/id-*"
                ],
                "sid": ""
              }
            ],
            "version": "2012-10-17"
          },
          "sensitive_attributes": []
        }
      ]
    },
    {
      "module": "module.iam",
      "mode": "data",
      "type": "aws_iam_policy_document",
      "name": "ecs_tasks_assume_role",
      "provider": "provider[\"registry.terraform.io/hashicorp/aws\"]",
      "instances": [
        {
          "schema_version": 0,
          "attributes": {
            "id": "1077804475",
            "json": "{\n  \"Version\": \"2012-10-17\",\n  \"Statement\": [\n    {\n      \"Effect\": \"Allow\",\n      \"Action\": \"sts:AssumeRole\",\n      \"Principal\": {\n        \"Service\": \"ecs-tasks.amazonaws.com\"\n      }\n    }\n  ]\n}",
            "minified_json": "{\"Version\":\"2012-10-17\",\"Statement\":[{\"Effect\":\"Allow\",\"Action\":\"sts:AssumeRole\",\"Principal\":{\"Service\":\"ecs-tasks.amazonaws.com\"}}]}",
            "override_json": null,
            "override_policy_documents": null,
            "policy_id": null,
            "source_json": null,
            "source_policy_documents": null,
            "statement": [
              {
                "actions": [
                  "sts:AssumeRole"
                ],
                "condition": [],
                "effect": "Allow",
                "not_actions": [],
                "not_principals": [],
                "not_resources": [],
                "principals": [
                  {
                    "identifiers": [
                      "ecs-tasks.amazonaws.com"
                    ],
                    "type": "Service"
                  }
                ],
                "resources": [],
                "sid": ""
              }
            ],
            "version": "2012-10-17"
          },
          "sensitive_attributes": []
        }
      ]
    },
    {
      "module": "module.iam",
      "mode": "data",
      "type": "aws_iam_policy_document",
      "name": "rds_monitoring_assume_role",
      "provider": "provider[\"registry.terraform.io/hashicorp/aws\"]",
      "instances": [
        {
          "schema_version": 0,
          "attributes": {
            "id": "2562693050",
            "json": "{\n  \"Version\": \"2012-10-17\",\n  \"Statement\": [\n    {\n      \"Effect\": \"Allow\",\n      \"Action\": \"sts:AssumeRole\",\n      \"Principal\": {\n        \"Service\": \"rds.amazonaws.com\"\n      }\n    }\n  ]\n}",
            "minified_json": "{\"Version\":\"2012-10-17\",\"Statement\":[{\"Effect\":\"Allow\",\"Action\":\"sts:AssumeRole\",\"Principal\":{\"Service\":\"rds.amazonaws.com\"}}]}",
            "override_json": null,
            "override_policy_documents": null,
            "policy_id": null,
            "source_json": null,
            "source_policy_documents": null,
            "statement": [
              {
                "actions": [
                  "sts:AssumeRole"
                ],
                "condition": [],
                "effect": "Allow",
                "not_actions": [],
                "not_principals": [],
                "not_resources": [],
                "principals": [
                  {
                    "identifiers": [
                      "rds.amazonaws.com"
                    ],
                    "type": "Service"
                  }
                ],
                "resources": [],
                "sid": ""
              }
            ],
            "version": "2012-10-17"
          },
          "sensitive_attributes": []
        }
      ]
    },
    {
      "module": "module.iam",
      "mode": "managed",
      "type": "aws_iam_role",
      "name": "app_task_role",
      "provider": "provider[\"registry.terraform.io/hashicorp/aws\"]",
      "instances": [
        {
          "schema_version": 0,
          "attributes": {
            "arn": "arn:aws:iam::337909779916:role/spot-teacher-dev-dev-appTaskRole",
            "assume_role_policy": "{\"Statement\":[{\"Action\":\"sts:AssumeRole\",\"Effect\":\"Allow\",\"Principal\":{\"Service\":\"ecs-tasks.amazonaws.com\"}}],\"Version\":\"2012-10-17\"}",
            "create_date": "2025-05-06T13:18:09Z",
            "description": "",
            "force_detach_policies": false,
            "id": "spot-teacher-dev-dev-appTaskRole",
            "inline_policy": [
              {
                "name": "spot-teacher-dev-dev-appSecretsManagerPolicy",
                "policy": "{\"Version\":\"2012-10-17\",\"Statement\":[{\"Action\":[\"secretsmanager:GetSecretValue\",\"secretsmanager:DescribeSecret\"],\"Effect\":\"Allow\",\"Resource\":\"arn:aws:secretsmanager:ap-northeast-1:337909779916:secret:your/db/password/secret/id-*\"}]}"
              }
            ],
            "managed_policy_arns": [],
            "max_session_duration": 3600,
            "name": "spot-teacher-dev-dev-appTaskRole",
            "name_prefix": "",
            "path": "/",
            "permissions_boundary": "",
            "tags": {
              "Name": "spot-teacher-dev-dev-app-task-role"
            },
            "tags_all": {
              "Name": "spot-teacher-dev-dev-app-task-role",
              "env": "dev",
              "managedBy": "terraform",
              "team": "spot-teacher-dev"
            },
            "unique_id": "AROAU5LH6BXGJDDSDI2M6"
          },
          "sensitive_attributes": [],
          "private": "bnVsbA==",
          "dependencies": [
            "module.iam.data.aws_iam_policy_document.ecs_tasks_assume_role"
          ]
        }
      ]
    },
    {
      "module": "module.iam",
      "mode": "managed",
      "type": "aws_iam_role",
      "name": "rds_monitoring_role",
      "provider": "provider[\"registry.terraform.io/hashicorp/aws\"]",
      "instances": [
        {
          "schema_version": 0,
          "attributes": {
            "arn": "arn:aws:iam::337909779916:role/spot-teacher-dev-dev-rdsMonitoringRole",
            "assume_role_policy": "{\"Statement\":[{\"Action\":\"sts:AssumeRole\",\"Effect\":\"Allow\",\"Principal\":{\"Service\":\"rds.amazonaws.com\"}}],\"Version\":\"2012-10-17\"}",
            "create_date": "2025-05-06T13:53:20Z",
            "description": "",
            "force_detach_policies": false,
            "id": "spot-teacher-dev-dev-rdsMonitoringRole",
            "inline_policy": [],
            "managed_policy_arns": [
              "arn:aws:iam::aws:policy/service-role/AmazonRDSEnhancedMonitoringRole"
            ],
            "max_session_duration": 3600,
            "name": "spot-teacher-dev-dev-rdsMonitoringRole",
            "name_prefix": "",
            "path": "/",
            "permissions_boundary": "",
            "tags": {
              "Name": "spot-teacher-dev-dev-rdsMonitoringRole"
            },
            "tags_all": {
              "Name": "spot-teacher-dev-dev-rdsMonitoringRole",
              "env": "dev",
              "managedBy": "terraform",
              "team": "spot-teacher-dev"
            },
            "unique_id": "AROAU5LH6BXGC3MCEDKUU"
          },
          "sensitive_attributes": [],
          "private": "bnVsbA==",
          "dependencies": [
            "module.iam.data.aws_iam_policy_document.rds_monitoring_assume_role"
          ]
        }
      ]
    },
    {
      "module": "module.iam",
      "mode": "managed",
      "type": "aws_iam_role",
      "name": "task_execution_role",
      "provider": "provider[\"registry.terraform.io/hashicorp/aws\"]",
      "instances": [
        {
          "schema_version": 0,
          "attributes": {
            "arn": "arn:aws:iam::337909779916:role/spot-teacher-dev-dev-ecsTaskExecutionRole",
            "assume_role_policy": "{\"Statement\":[{\"Action\":\"sts:AssumeRole\",\"Effect\":\"Allow\",\"Principal\":{\"Service\":\"ecs-tasks.amazonaws.com\"}}],\"Version\":\"2012-10-17\"}",
            "create_date": "2025-05-06T13:18:08Z",
            "description": "",
            "force_detach_policies": false,
            "id": "spot-teacher-dev-dev-ecsTaskExecutionRole",
            "inline_policy": [],
            "managed_policy_arns": [
              "arn:aws:iam::aws:policy/service-role/AmazonECSTaskExecutionRolePolicy"
            ],
            "max_session_duration": 3600,
            "name": "spot-teacher-dev-dev-ecsTaskExecutionRole",
            "name_prefix": "",
            "path": "/",
            "permissions_boundary": "",
            "tags": {
              "Name": "spot-teacher-dev-dev-ecsTaskExecutionRole"
            },
            "tags_all": {
              "Name": "spot-teacher-dev-dev-ecsTaskExecutionRole",
              "env": "dev",
              "managedBy": "terraform",
              "team": "spot-teacher-dev"
            },
            "unique_id": "AROAU5LH6BXGCX7GSL3UB"
          },
          "sensitive_attributes": [],
          "private": "bnVsbA==",
          "dependencies": [
            "module.iam.data.aws_iam_policy_document.ecs_tasks_assume_role"
          ]
        }
      ]
    },
    {
      "module": "module.iam",
      "mode": "managed",
      "type": "aws_iam_role_policy",
      "name": "app_secretsmanager_policy",
      "provider": "provider[\"registry.terraform.io/hashicorp/aws\"]",
      "instances": [
        {
          "schema_version": 0,
          "attributes": {
            "id": "spot-teacher-dev-dev-appTaskRole:spot-teacher-dev-dev-appSecretsManagerPolicy",
            "name": "spot-teacher-dev-dev-appSecretsManagerPolicy",
            "name_prefix": "",
            "policy": "{\"Version\":\"2012-10-17\",\"Statement\":[{\"Action\":[\"secretsmanager:GetSecretValue\",\"secretsmanager:DescribeSecret\"],\"Effect\":\"Allow\",\"Resource\":\"arn:aws:secretsmanager:ap-northeast-1:337909779916:secret:your/db/password/secret/id-*\"}]}",
            "role": "spot-teacher-dev-dev-appTaskRole"
          },
          "sensitive_attributes": [],
          "private": "bnVsbA==",
          "dependencies": [
            "data.aws_caller_identity.current",
            "data.aws_region.current",
            "module.iam.aws_iam_role.app_task_role",
            "module.iam.data.aws_iam_policy_document.app_secretsmanager_read",
            "module.iam.data.aws_iam_policy_document.ecs_tasks_assume_role"
          ]
        }
      ]
    },
    {
      "module": "module.iam",
      "mode": "managed",
      "type": "aws_iam_role_policy_attachment",
      "name": "rds_monitoring_policy",
      "provider": "provider[\"registry.terraform.io/hashicorp/aws\"]",
      "instances": [
        {
          "schema_version": 0,
          "attributes": {
            "id": "spot-teacher-dev-dev-rdsMonitoringRole-20250506140108459000000001",
            "policy_arn": "arn:aws:iam::aws:policy/service-role/AmazonRDSEnhancedMonitoringRole",
            "role": "spot-teacher-dev-dev-rdsMonitoringRole"
          },
          "sensitive_attributes": [],
          "private": "bnVsbA==",
          "dependencies": [
            "module.iam.aws_iam_role.rds_monitoring_role",
            "module.iam.data.aws_iam_policy_document.rds_monitoring_assume_role"
          ]
        }
      ]
    },
    {
      "module": "module.iam",
      "mode": "managed",
      "type": "aws_iam_role_policy_attachment",
      "name": "task_execution_policy",
      "provider": "provider[\"registry.terraform.io/hashicorp/aws\"]",
      "instances": [
        {
          "schema_version": 0,
          "attributes": {
            "id": "spot-teacher-dev-dev-ecsTaskExecutionRole-20250506131810496000000001",
            "policy_arn": "arn:aws:iam::aws:policy/service-role/AmazonECSTaskExecutionRolePolicy",
            "role": "spot-teacher-dev-dev-ecsTaskExecutionRole"
          },
          "sensitive_attributes": [],
          "private": "bnVsbA==",
          "dependencies": [
            "module.iam.aws_iam_role.task_execution_role",
            "module.iam.data.aws_iam_policy_document.ecs_tasks_assume_role"
          ]
        }
      ]
    },
    {
      "module": "module.network",
      "mode": "managed",
      "type": "aws_eip",
      "name": "nat_gateway",
      "provider": "provider[\"registry.terraform.io/hashicorp/aws\"]",
      "instances": [
        {
          "index_key": 0,
          "schema_version": 0,
          "attributes": {
            "address": null,
            "allocation_id": "eipalloc-0f60083da83fb579e",
            "arn": "arn:aws:ec2:ap-northeast-1:337909779916:elastic-ip/eipalloc-0f60083da83fb579e",
            "associate_with_private_ip": null,
            "association_id": "eipassoc-07ebabd14ab7efcb8",
            "carrier_ip": "",
            "customer_owned_ip": "",
            "customer_owned_ipv4_pool": "",
            "domain": "vpc",
            "id": "eipalloc-0f60083da83fb579e",
            "instance": "",
            "ipam_pool_id": null,
            "network_border_group": "ap-northeast-1",
            "network_interface": "eni-03c4bd0832d77c818",
            "private_dns": "ip-10-0-1-19.ap-northeast-1.compute.internal",
            "private_ip": "10.0.1.19",
            "ptr_record": "",
            "public_dns": "ec2-54-92-17-214.ap-northeast-1.compute.amazonaws.com",
            "public_ip": "54.92.17.214",
            "public_ipv4_pool": "amazon",
            "tags": {
              "Env": "dev",
              "Name": "spot-teacher-dev-dev-nat-eip-ap-northeast-1a"
            },
            "tags_all": {
              "Env": "dev",
              "Name": "spot-teacher-dev-dev-nat-eip-ap-northeast-1a",
              "env": "dev",
              "managedBy": "terraform",
              "team": "spot-teacher-dev"
            },
            "timeouts": null,
            "vpc": true
          },
          "sensitive_attributes": [],
          "private": "eyJlMmJmYjczMC1lY2FhLTExZTYtOGY4OC0zNDM2M2JjN2M0YzAiOnsiZGVsZXRlIjoxODAwMDAwMDAwMDAsInJlYWQiOjkwMDAwMDAwMDAwMCwidXBkYXRlIjozMDAwMDAwMDAwMDB9fQ=="
        },
        {
          "index_key": 1,
          "schema_version": 0,
          "attributes": {
            "address": null,
            "allocation_id": "eipalloc-0dfe6fe1de7b385aa",
            "arn": "arn:aws:ec2:ap-northeast-1:337909779916:elastic-ip/eipalloc-0dfe6fe1de7b385aa",
            "associate_with_private_ip": null,
            "association_id": "eipassoc-022e1b087a566bfcb",
            "carrier_ip": "",
            "customer_owned_ip": "",
            "customer_owned_ipv4_pool": "",
            "domain": "vpc",
            "id": "eipalloc-0dfe6fe1de7b385aa",
            "instance": "",
            "ipam_pool_id": null,
            "network_border_group": "ap-northeast-1",
            "network_interface": "eni-0799b8148d0a87c0d",
            "private_dns": "ip-10-0-2-216.ap-northeast-1.compute.internal",
            "private_ip": "10.0.2.216",
            "ptr_record": "",
            "public_dns": "ec2-35-74-38-226.ap-northeast-1.compute.amazonaws.com",
            "public_ip": "35.74.38.226",
            "public_ipv4_pool": "amazon",
            "tags": {
              "Env": "dev",
              "Name": "spot-teacher-dev-dev-nat-eip-ap-northeast-1c"
            },
            "tags_all": {
              "Env": "dev",
              "Name": "spot-teacher-dev-dev-nat-eip-ap-northeast-1c",
              "env": "dev",
              "managedBy": "terraform",
              "team": "spot-teacher-dev"
            },
            "timeouts": null,
            "vpc": true
          },
          "sensitive_attributes": [],
          "private": "eyJlMmJmYjczMC1lY2FhLTExZTYtOGY4OC0zNDM2M2JjN2M0YzAiOnsiZGVsZXRlIjoxODAwMDAwMDAwMDAsInJlYWQiOjkwMDAwMDAwMDAwMCwidXBkYXRlIjozMDAwMDAwMDAwMDB9fQ=="
        }
      ]
    },
    {
      "module": "module.network",
      "mode": "managed",
      "type": "aws_internet_gateway",
      "name": "main",
      "provider": "provider[\"registry.terraform.io/hashicorp/aws\"]",
      "instances": [
        {
          "schema_version": 0,
          "attributes": {
            "arn": "arn:aws:ec2:ap-northeast-1:337909779916:internet-gateway/igw-020bb06598944664b",
            "id": "igw-020bb06598944664b",
            "owner_id": "337909779916",
            "tags": {
              "Env": "dev",
              "Name": "spot-teacher-dev-dev-igw"
            },
            "tags_all": {
              "Env": "dev",
              "Name": "spot-teacher-dev-dev-igw",
              "env": "dev",
              "managedBy": "terraform",
              "team": "spot-teacher-dev"
            },
            "timeouts": null,
            "vpc_id": "vpc-04c237cec64c76fe7"
          },
          "sensitive_attributes": [],
          "private": "eyJlMmJmYjczMC1lY2FhLTExZTYtOGY4OC0zNDM2M2JjN2M0YzAiOnsiY3JlYXRlIjoxMjAwMDAwMDAwMDAwLCJkZWxldGUiOjEyMDAwMDAwMDAwMDAsInVwZGF0ZSI6MTIwMDAwMDAwMDAwMH19",
          "dependencies": [
            "module.network.aws_vpc.main"
          ]
        }
      ]
    },
    {
      "module": "module.network",
      "mode": "managed",
      "type": "aws_nat_gateway",
      "name": "main",
      "provider": "provider[\"registry.terraform.io/hashicorp/aws\"]",
      "instances": [
        {
          "index_key": 0,
          "schema_version": 0,
          "attributes": {
            "allocation_id": "eipalloc-0f60083da83fb579e",
            "association_id": "eipassoc-07ebabd14ab7efcb8",
            "connectivity_type": "public",
            "id": "nat-0f218b1aad31252e9",
            "network_interface_id": "eni-03c4bd0832d77c818",
            "private_ip": "10.0.1.19",
            "public_ip": "54.92.17.214",
            "secondary_allocation_ids": [],
            "secondary_private_ip_address_count": 0,
            "secondary_private_ip_addresses": [],
            "subnet_id": "subnet-09d0ddb289dffd8f3",
            "tags": {
              "Env": "dev",
              "Name": "spot-teacher-dev-dev-nat-gw-ap-northeast-1a"
            },
            "tags_all": {
              "Env": "dev",
              "Name": "spot-teacher-dev-dev-nat-gw-ap-northeast-1a",
              "env": "dev",
              "managedBy": "terraform",
              "team": "spot-teacher-dev"
            },
            "timeouts": null
          },
          "sensitive_attributes": [],
          "private": "eyJlMmJmYjczMC1lY2FhLTExZTYtOGY4OC0zNDM2M2JjN2M0YzAiOnsiY3JlYXRlIjo2MDAwMDAwMDAwMDAsImRlbGV0ZSI6MTgwMDAwMDAwMDAwMCwidXBkYXRlIjo2MDAwMDAwMDAwMDB9fQ==",
          "dependencies": [
            "module.network.aws_eip.nat_gateway",
            "module.network.aws_internet_gateway.main",
            "module.network.aws_subnet.public",
            "module.network.aws_vpc.main"
          ]
        },
        {
          "index_key": 1,
          "schema_version": 0,
          "attributes": {
            "allocation_id": "eipalloc-0dfe6fe1de7b385aa",
            "association_id": "eipassoc-022e1b087a566bfcb",
            "connectivity_type": "public",
            "id": "nat-052c6160cf41c8ab9",
            "network_interface_id": "eni-0799b8148d0a87c0d",
            "private_ip": "10.0.2.216",
            "public_ip": "35.74.38.226",
            "secondary_allocation_ids": [],
            "secondary_private_ip_address_count": 0,
            "secondary_private_ip_addresses": [],
            "subnet_id": "subnet-095f338e8a9375760",
            "tags": {
              "Env": "dev",
              "Name": "spot-teacher-dev-dev-nat-gw-ap-northeast-1c"
            },
            "tags_all": {
              "Env": "dev",
              "Name": "spot-teacher-dev-dev-nat-gw-ap-northeast-1c",
              "env": "dev",
              "managedBy": "terraform",
              "team": "spot-teacher-dev"
            },
            "timeouts": null
          },
          "sensitive_attributes": [],
          "private": "eyJlMmJmYjczMC1lY2FhLTExZTYtOGY4OC0zNDM2M2JjN2M0YzAiOnsiY3JlYXRlIjo2MDAwMDAwMDAwMDAsImRlbGV0ZSI6MTgwMDAwMDAwMDAwMCwidXBkYXRlIjo2MDAwMDAwMDAwMDB9fQ==",
          "dependencies": [
            "module.network.aws_eip.nat_gateway",
            "module.network.aws_internet_gateway.main",
            "module.network.aws_subnet.public",
            "module.network.aws_vpc.main"
          ]
        }
      ]
    },
    {
      "module": "module.network",
      "mode": "managed",
      "type": "aws_route_table",
      "name": "private",
      "provider": "provider[\"registry.terraform.io/hashicorp/aws\"]",
      "instances": [
        {
          "index_key": 0,
          "schema_version": 0,
          "attributes": {
            "arn": "arn:aws:ec2:ap-northeast-1:337909779916:route-table/rtb-0fb69f38e5d62ee1e",
            "id": "rtb-0fb69f38e5d62ee1e",
            "owner_id": "337909779916",
            "propagating_vgws": [],
            "route": [
              {
                "carrier_gateway_id": "",
                "cidr_block": "0.0.0.0/0",
                "core_network_arn": "",
                "destination_prefix_list_id": "",
                "egress_only_gateway_id": "",
                "gateway_id": "",
                "ipv6_cidr_block": "",
                "local_gateway_id": "",
                "nat_gateway_id": "nat-0f218b1aad31252e9",
                "network_interface_id": "",
                "transit_gateway_id": "",
                "vpc_endpoint_id": "",
                "vpc_peering_connection_id": ""
              }
            ],
            "tags": {
              "Env": "dev",
              "Name": "spot-teacher-dev-dev-private-rt-ap-northeast-1a"
            },
            "tags_all": {
              "Env": "dev",
              "Name": "spot-teacher-dev-dev-private-rt-ap-northeast-1a",
              "env": "dev",
              "managedBy": "terraform",
              "team": "spot-teacher-dev"
            },
            "timeouts": null,
            "vpc_id": "vpc-04c237cec64c76fe7"
          },
          "sensitive_attributes": [],
          "private": "eyJlMmJmYjczMC1lY2FhLTExZTYtOGY4OC0zNDM2M2JjN2M0YzAiOnsiY3JlYXRlIjozMDAwMDAwMDAwMDAsImRlbGV0ZSI6MzAwMDAwMDAwMDAwLCJ1cGRhdGUiOjEyMDAwMDAwMDAwMH19",
          "dependencies": [
            "module.network.aws_eip.nat_gateway",
            "module.network.aws_internet_gateway.main",
            "module.network.aws_nat_gateway.main",
            "module.network.aws_subnet.public",
            "module.network.aws_vpc.main"
          ]
        },
        {
          "index_key": 1,
          "schema_version": 0,
          "attributes": {
            "arn": "arn:aws:ec2:ap-northeast-1:337909779916:route-table/rtb-0a431557c72a522fc",
            "id": "rtb-0a431557c72a522fc",
            "owner_id": "337909779916",
            "propagating_vgws": [],
            "route": [
              {
                "carrier_gateway_id": "",
                "cidr_block": "0.0.0.0/0",
                "core_network_arn": "",
                "destination_prefix_list_id": "",
                "egress_only_gateway_id": "",
                "gateway_id": "",
                "ipv6_cidr_block": "",
                "local_gateway_id": "",
                "nat_gateway_id": "nat-052c6160cf41c8ab9",
                "network_interface_id": "",
                "transit_gateway_id": "",
                "vpc_endpoint_id": "",
                "vpc_peering_connection_id": ""
              }
            ],
            "tags": {
              "Env": "dev",
              "Name": "spot-teacher-dev-dev-private-rt-ap-northeast-1c"
            },
            "tags_all": {
              "Env": "dev",
              "Name": "spot-teacher-dev-dev-private-rt-ap-northeast-1c",
              "env": "dev",
              "managedBy": "terraform",
              "team": "spot-teacher-dev"
            },
            "timeouts": null,
            "vpc_id": "vpc-04c237cec64c76fe7"
          },
          "sensitive_attributes": [],
          "private": "eyJlMmJmYjczMC1lY2FhLTExZTYtOGY4OC0zNDM2M2JjN2M0YzAiOnsiY3JlYXRlIjozMDAwMDAwMDAwMDAsImRlbGV0ZSI6MzAwMDAwMDAwMDAwLCJ1cGRhdGUiOjEyMDAwMDAwMDAwMH19",
          "dependencies": [
            "module.network.aws_eip.nat_gateway",
            "module.network.aws_internet_gateway.main",
            "module.network.aws_nat_gateway.main",
            "module.network.aws_subnet.public",
            "module.network.aws_vpc.main"
          ]
        }
      ]
    },
    {
      "module": "module.network",
      "mode": "managed",
      "type": "aws_route_table",
      "name": "public",
      "provider": "provider[\"registry.terraform.io/hashicorp/aws\"]",
      "instances": [
        {
          "schema_version": 0,
          "attributes": {
            "arn": "arn:aws:ec2:ap-northeast-1:337909779916:route-table/rtb-0a3ed3fb1ce17dc8a",
            "id": "rtb-0a3ed3fb1ce17dc8a",
            "owner_id": "337909779916",
            "propagating_vgws": [],
            "route": [
              {
                "carrier_gateway_id": "",
                "cidr_block": "0.0.0.0/0",
                "core_network_arn": "",
                "destination_prefix_list_id": "",
                "egress_only_gateway_id": "",
                "gateway_id": "igw-020bb06598944664b",
                "ipv6_cidr_block": "",
                "local_gateway_id": "",
                "nat_gateway_id": "",
                "network_interface_id": "",
                "transit_gateway_id": "",
                "vpc_endpoint_id": "",
                "vpc_peering_connection_id": ""
              }
            ],
            "tags": {
              "Env": "dev",
              "Name": "spot-teacher-dev-dev-public-rt"
            },
            "tags_all": {
              "Env": "dev",
              "Name": "spot-teacher-dev-dev-public-rt",
              "env": "dev",
              "managedBy": "terraform",
              "team": "spot-teacher-dev"
            },
            "timeouts": null,
            "vpc_id": "vpc-04c237cec64c76fe7"
          },
          "sensitive_attributes": [],
          "private": "eyJlMmJmYjczMC1lY2FhLTExZTYtOGY4OC0zNDM2M2JjN2M0YzAiOnsiY3JlYXRlIjozMDAwMDAwMDAwMDAsImRlbGV0ZSI6MzAwMDAwMDAwMDAwLCJ1cGRhdGUiOjEyMDAwMDAwMDAwMH19",
          "dependencies": [
            "module.network.aws_internet_gateway.main",
            "module.network.aws_vpc.main"
          ]
        }
      ]
    },
    {
      "module": "module.network",
      "mode": "managed",
      "type": "aws_route_table_association",
      "name": "private",
      "provider": "provider[\"registry.terraform.io/hashicorp/aws\"]",
      "instances": [
        {
          "index_key": 0,
          "schema_version": 0,
          "attributes": {
            "gateway_id": "",
            "id": "rtbassoc-0a3dceca4c3421281",
            "route_table_id": "rtb-0fb69f38e5d62ee1e",
            "subnet_id": "subnet-09d035d397877bc02",
            "timeouts": null
          },
          "sensitive_attributes": [],
          "private": "eyJlMmJmYjczMC1lY2FhLTExZTYtOGY4OC0zNDM2M2JjN2M0YzAiOnsiY3JlYXRlIjozMDAwMDAwMDAwMDAsImRlbGV0ZSI6MzAwMDAwMDAwMDAwLCJ1cGRhdGUiOjEyMDAwMDAwMDAwMH19",
          "dependencies": [
            "module.network.aws_eip.nat_gateway",
            "module.network.aws_internet_gateway.main",
            "module.network.aws_nat_gateway.main",
            "module.network.aws_route_table.private",
            "module.network.aws_subnet.private",
            "module.network.aws_subnet.public",
            "module.network.aws_vpc.main"
          ]
        },
        {
          "index_key": 1,
          "schema_version": 0,
          "attributes": {
            "gateway_id": "",
            "id": "rtbassoc-0dda60fd0af2a64a5",
            "route_table_id": "rtb-0a431557c72a522fc",
            "subnet_id": "subnet-0496eac1ab1029046",
            "timeouts": null
          },
          "sensitive_attributes": [],
          "private": "eyJlMmJmYjczMC1lY2FhLTExZTYtOGY4OC0zNDM2M2JjN2M0YzAiOnsiY3JlYXRlIjozMDAwMDAwMDAwMDAsImRlbGV0ZSI6MzAwMDAwMDAwMDAwLCJ1cGRhdGUiOjEyMDAwMDAwMDAwMH19",
          "dependencies": [
            "module.network.aws_eip.nat_gateway",
            "module.network.aws_internet_gateway.main",
            "module.network.aws_nat_gateway.main",
            "module.network.aws_route_table.private",
            "module.network.aws_subnet.private",
            "module.network.aws_subnet.public",
            "module.network.aws_vpc.main"
          ]
        }
      ]
    },
    {
      "module": "module.network",
      "mode": "managed",
      "type": "aws_route_table_association",
      "name": "public",
      "provider": "provider[\"registry.terraform.io/hashicorp/aws\"]",
      "instances": [
        {
          "index_key": 0,
          "schema_version": 0,
          "attributes": {
            "gateway_id": "",
            "id": "rtbassoc-0f0097a31af0733a0",
            "route_table_id": "rtb-0a3ed3fb1ce17dc8a",
            "subnet_id": "subnet-09d0ddb289dffd8f3",
            "timeouts": null
          },
          "sensitive_attributes": [],
          "private": "eyJlMmJmYjczMC1lY2FhLTExZTYtOGY4OC0zNDM2M2JjN2M0YzAiOnsiY3JlYXRlIjozMDAwMDAwMDAwMDAsImRlbGV0ZSI6MzAwMDAwMDAwMDAwLCJ1cGRhdGUiOjEyMDAwMDAwMDAwMH19",
          "dependencies": [
            "module.network.aws_internet_gateway.main",
            "module.network.aws_route_table.public",
            "module.network.aws_subnet.public",
            "module.network.aws_vpc.main"
          ]
        },
        {
          "index_key": 1,
          "schema_version": 0,
          "attributes": {
            "gateway_id": "",
            "id": "rtbassoc-00d158036d3dfb7a3",
            "route_table_id": "rtb-0a3ed3fb1ce17dc8a",
            "subnet_id": "subnet-095f338e8a9375760",
            "timeouts": null
          },
          "sensitive_attributes": [],
          "private": "eyJlMmJmYjczMC1lY2FhLTExZTYtOGY4OC0zNDM2M2JjN2M0YzAiOnsiY3JlYXRlIjozMDAwMDAwMDAwMDAsImRlbGV0ZSI6MzAwMDAwMDAwMDAwLCJ1cGRhdGUiOjEyMDAwMDAwMDAwMH19",
          "dependencies": [
            "module.network.aws_internet_gateway.main",
            "module.network.aws_route_table.public",
            "module.network.aws_subnet.public",
            "module.network.aws_vpc.main"
          ]
        }
      ]
    },
    {
      "module": "module.network",
      "mode": "managed",
      "type": "aws_subnet",
      "name": "private",
      "provider": "provider[\"registry.terraform.io/hashicorp/aws\"]",
      "instances": [
        {
          "index_key": 0,
          "schema_version": 1,
          "attributes": {
            "arn": "arn:aws:ec2:ap-northeast-1:337909779916:subnet/subnet-09d035d397877bc02",
            "assign_ipv6_address_on_creation": false,
            "availability_zone": "ap-northeast-1a",
            "availability_zone_id": "apne1-az4",
            "cidr_block": "10.0.10.0/24",
            "customer_owned_ipv4_pool": "",
            "enable_dns64": false,
            "enable_lni_at_device_index": 0,
            "enable_resource_name_dns_a_record_on_launch": false,
            "enable_resource_name_dns_aaaa_record_on_launch": false,
            "id": "subnet-09d035d397877bc02",
            "ipv6_cidr_block": "",
            "ipv6_cidr_block_association_id": "",
            "ipv6_native": false,
            "map_customer_owned_ip_on_launch": false,
            "map_public_ip_on_launch": false,
            "outpost_arn": "",
            "owner_id": "337909779916",
            "private_dns_hostname_type_on_launch": "ip-name",
            "tags": {
              "Env": "dev",
              "Name": "spot-teacher-dev-dev-private-subnet-ap-northeast-1a"
            },
            "tags_all": {
              "Env": "dev",
              "Name": "spot-teacher-dev-dev-private-subnet-ap-northeast-1a",
              "env": "dev",
              "managedBy": "terraform",
              "team": "spot-teacher-dev"
            },
            "timeouts": null,
            "vpc_id": "vpc-04c237cec64c76fe7"
          },
          "sensitive_attributes": [],
          "private": "eyJlMmJmYjczMC1lY2FhLTExZTYtOGY4OC0zNDM2M2JjN2M0YzAiOnsiY3JlYXRlIjo2MDAwMDAwMDAwMDAsImRlbGV0ZSI6MTIwMDAwMDAwMDAwMH0sInNjaGVtYV92ZXJzaW9uIjoiMSJ9",
          "dependencies": [
            "module.network.aws_vpc.main"
          ]
        },
        {
          "index_key": 1,
          "schema_version": 1,
          "attributes": {
            "arn": "arn:aws:ec2:ap-northeast-1:337909779916:subnet/subnet-0496eac1ab1029046",
            "assign_ipv6_address_on_creation": false,
            "availability_zone": "ap-northeast-1c",
            "availability_zone_id": "apne1-az1",
            "cidr_block": "10.0.11.0/24",
            "customer_owned_ipv4_pool": "",
            "enable_dns64": false,
            "enable_lni_at_device_index": 0,
            "enable_resource_name_dns_a_record_on_launch": false,
            "enable_resource_name_dns_aaaa_record_on_launch": false,
            "id": "subnet-0496eac1ab1029046",
            "ipv6_cidr_block": "",
            "ipv6_cidr_block_association_id": "",
            "ipv6_native": false,
            "map_customer_owned_ip_on_launch": false,
            "map_public_ip_on_launch": false,
            "outpost_arn": "",
            "owner_id": "337909779916",
            "private_dns_hostname_type_on_launch": "ip-name",
            "tags": {
              "Env": "dev",
              "Name": "spot-teacher-dev-dev-private-subnet-ap-northeast-1c"
            },
            "tags_all": {
              "Env": "dev",
              "Name": "spot-teacher-dev-dev-private-subnet-ap-northeast-1c",
              "env": "dev",
              "managedBy": "terraform",
              "team": "spot-teacher-dev"
            },
            "timeouts": null,
            "vpc_id": "vpc-04c237cec64c76fe7"
          },
          "sensitive_attributes": [],
          "private": "eyJlMmJmYjczMC1lY2FhLTExZTYtOGY4OC0zNDM2M2JjN2M0YzAiOnsiY3JlYXRlIjo2MDAwMDAwMDAwMDAsImRlbGV0ZSI6MTIwMDAwMDAwMDAwMH0sInNjaGVtYV92ZXJzaW9uIjoiMSJ9",
          "dependencies": [
            "module.network.aws_vpc.main"
          ]
        }
      ]
    },
    {
      "module": "module.network",
      "mode": "managed",
      "type": "aws_subnet",
      "name": "public",
      "provider": "provider[\"registry.terraform.io/hashicorp/aws\"]",
      "instances": [
        {
          "index_key": 0,
          "schema_version": 1,
          "attributes": {
            "arn": "arn:aws:ec2:ap-northeast-1:337909779916:subnet/subnet-09d0ddb289dffd8f3",
            "assign_ipv6_address_on_creation": false,
            "availability_zone": "ap-northeast-1a",
            "availability_zone_id": "apne1-az4",
            "cidr_block": "10.0.1.0/24",
            "customer_owned_ipv4_pool": "",
            "enable_dns64": false,
            "enable_lni_at_device_index": 0,
            "enable_resource_name_dns_a_record_on_launch": false,
            "enable_resource_name_dns_aaaa_record_on_launch": false,
            "id": "subnet-09d0ddb289dffd8f3",
            "ipv6_cidr_block": "",
            "ipv6_cidr_block_association_id": "",
            "ipv6_native": false,
            "map_customer_owned_ip_on_launch": false,
            "map_public_ip_on_launch": true,
            "outpost_arn": "",
            "owner_id": "337909779916",
            "private_dns_hostname_type_on_launch": "ip-name",
            "tags": {
              "Env": "dev",
              "Name": "spot-teacher-dev-dev-public-subnet-ap-northeast-1a"
            },
            "tags_all": {
              "Env": "dev",
              "Name": "spot-teacher-dev-dev-public-subnet-ap-northeast-1a",
              "env": "dev",
              "managedBy": "terraform",
              "team": "spot-teacher-dev"
            },
            "timeouts": null,
            "vpc_id": "vpc-04c237cec64c76fe7"
          },
          "sensitive_attributes": [],
          "private": "eyJlMmJmYjczMC1lY2FhLTExZTYtOGY4OC0zNDM2M2JjN2M0YzAiOnsiY3JlYXRlIjo2MDAwMDAwMDAwMDAsImRlbGV0ZSI6MTIwMDAwMDAwMDAwMH0sInNjaGVtYV92ZXJzaW9uIjoiMSJ9",
          "dependencies": [
            "module.network.aws_vpc.main"
          ]
        },
        {
          "index_key": 1,
          "schema_version": 1,
          "attributes": {
            "arn": "arn:aws:ec2:ap-northeast-1:337909779916:subnet/subnet-095f338e8a9375760",
            "assign_ipv6_address_on_creation": false,
            "availability_zone": "ap-northeast-1c",
            "availability_zone_id": "apne1-az1",
            "cidr_block": "10.0.2.0/24",
            "customer_owned_ipv4_pool": "",
            "enable_dns64": false,
            "enable_lni_at_device_index": 0,
            "enable_resource_name_dns_a_record_on_launch": false,
            "enable_resource_name_dns_aaaa_record_on_launch": false,
            "id": "subnet-095f338e8a9375760",
            "ipv6_cidr_block": "",
            "ipv6_cidr_block_association_id": "",
            "ipv6_native": false,
            "map_customer_owned_ip_on_launch": false,
            "map_public_ip_on_launch": true,
            "outpost_arn": "",
            "owner_id": "337909779916",
            "private_dns_hostname_type_on_launch": "ip-name",
            "tags": {
              "Env": "dev",
              "Name": "spot-teacher-dev-dev-public-subnet-ap-northeast-1c"
            },
            "tags_all": {
              "Env": "dev",
              "Name": "spot-teacher-dev-dev-public-subnet-ap-northeast-1c",
              "env": "dev",
              "managedBy": "terraform",
              "team": "spot-teacher-dev"
            },
            "timeouts": null,
            "vpc_id": "vpc-04c237cec64c76fe7"
          },
          "sensitive_attributes": [],
          "private": "eyJlMmJmYjczMC1lY2FhLTExZTYtOGY4OC0zNDM2M2JjN2M0YzAiOnsiY3JlYXRlIjo2MDAwMDAwMDAwMDAsImRlbGV0ZSI6MTIwMDAwMDAwMDAwMH0sInNjaGVtYV92ZXJzaW9uIjoiMSJ9",
          "dependencies": [
            "module.network.aws_vpc.main"
          ]
        }
      ]
    },
    {
      "module": "module.network",
      "mode": "managed",
      "type": "aws_vpc",
      "name": "main",
      "provider": "provider[\"registry.terraform.io/hashicorp/aws\"]",
      "instances": [
        {
          "schema_version": 1,
          "attributes": {
            "arn": "arn:aws:ec2:ap-northeast-1:337909779916:vpc/vpc-04c237cec64c76fe7",
            "assign_generated_ipv6_cidr_block": false,
            "cidr_block": "10.0.0.0/16",
            "default_network_acl_id": "acl-098cb8de863fe0b2c",
            "default_route_table_id": "rtb-0637335e8fb7740db",
            "default_security_group_id": "sg-0ef33418fee51b8df",
            "dhcp_options_id": "dopt-05ad6dca5a8f74457",
            "enable_dns_hostnames": true,
            "enable_dns_support": true,
            "enable_network_address_usage_metrics": false,
            "id": "vpc-04c237cec64c76fe7",
            "instance_tenancy": "default",
            "ipv4_ipam_pool_id": null,
            "ipv4_netmask_length": null,
            "ipv6_association_id": "",
            "ipv6_cidr_block": "",
            "ipv6_cidr_block_network_border_group": "",
            "ipv6_ipam_pool_id": "",
            "ipv6_netmask_length": 0,
            "main_route_table_id": "rtb-0637335e8fb7740db",
            "owner_id": "337909779916",
            "tags": {
              "Env": "dev",
              "Name": "spot-teacher-dev-dev-vpc"
            },
            "tags_all": {
              "Env": "dev",
              "Name": "spot-teacher-dev-dev-vpc",
              "env": "dev",
              "managedBy": "terraform",
              "team": "spot-teacher-dev"
            }
          },
          "sensitive_attributes": [],
          "private": "eyJzY2hlbWFfdmVyc2lvbiI6IjEifQ=="
        }
      ]
    },
    {
      "module": "module.rds",
      "mode": "managed",
      "type": "aws_db_instance",
      "name": "main",
      "provider": "provider[\"registry.terraform.io/hashicorp/aws\"]",
      "instances": [
        {
          "schema_version": 2,
          "attributes": {
            "address": "spot-teacher-dev-dev.cj2gq2a4s3jj.ap-northeast-1.rds.amazonaws.com",
            "allocated_storage": 20,
            "allow_major_version_upgrade": null,
            "apply_immediately": false,
            "arn": "arn:aws:rds:ap-northeast-1:337909779916:db:spot-teacher-dev-dev",
            "auto_minor_version_upgrade": false,
            "availability_zone": "ap-northeast-1c",
            "backup_retention_period": 1,
            "backup_target": "region",
            "backup_window": "17:00-17:30",
            "blue_green_update": [],
            "ca_cert_identifier": "rds-ca-rsa2048-g1",
            "character_set_name": "",
            "copy_tags_to_snapshot": false,
            "custom_iam_instance_profile": "",
            "customer_owned_ip_enabled": false,
            "database_insights_mode": "standard",
            "db_name": "",
            "db_subnet_group_name": "spot-teacher-dev-dev-subnet-group",
            "dedicated_log_volume": false,
            "delete_automated_backups": true,
            "deletion_protection": false,
            "domain": "",
            "domain_auth_secret_arn": "",
            "domain_dns_ips": null,
            "domain_fqdn": "",
            "domain_iam_role_name": "",
            "domain_ou": "",
            "enabled_cloudwatch_logs_exports": null,
            "endpoint": "spot-teacher-dev-dev.cj2gq2a4s3jj.ap-northeast-1.rds.amazonaws.com:3306",
            "engine": "mysql",
            "engine_lifecycle_support": "open-source-rds-extended-support",
            "engine_version": "8.0.36",
            "engine_version_actual": "8.0.36",
            "final_snapshot_identifier": null,
            "hosted_zone_id": "Z24O6O9L7SGTNB",
            "iam_database_authentication_enabled": false,
            "id": "db-H7FZSHDWB26IUTMTTJ2XA6DDQY",
            "identifier": "spot-teacher-dev-dev",
            "identifier_prefix": "",
            "instance_class": "db.t3.micro",
            "iops": 3000,
            "kms_key_id": "arn:aws:kms:ap-northeast-1:337909779916:key/6e139254-2be8-400a-9010-075c9a3bc16a",
            "latest_restorable_time": "2025-05-06T14:12:42Z",
            "license_model": "general-public-license",
            "listener_endpoint": [],
            "maintenance_window": "sat:18:00-sat:18:30",
            "manage_master_user_password": true,
            "master_user_secret": [
              {
                "kms_key_id": "arn:aws:kms:ap-northeast-1:337909779916:key/2ebda887-e560-4e78-83da-08a11dc72545",
                "secret_arn": "arn:aws:secretsmanager:ap-northeast-1:337909779916:secret:rds!db-9064aefc-1e36-4afb-b919-daddb1c78bd1-rZYLei",
                "secret_status": "active"
              }
            ],
            "master_user_secret_kms_key_id": null,
            "max_allocated_storage": 0,
            "monitoring_interval": 0,
            "monitoring_role_arn": "",
            "multi_az": false,
            "nchar_character_set_name": "",
            "network_type": "IPV4",
            "option_group_name": "default:mysql-8-0",
            "parameter_group_name": "spot-teacher-dev-dev-db-pram",
            "password": null,
            "password_wo": null,
            "password_wo_version": null,
            "performance_insights_enabled": false,
            "performance_insights_kms_key_id": "",
            "performance_insights_retention_period": 0,
            "port": 3306,
            "publicly_accessible": false,
            "replica_mode": "",
            "replicas": [],
            "replicate_source_db": "",
            "resource_id": "db-H7FZSHDWB26IUTMTTJ2XA6DDQY",
            "restore_to_point_in_time": [],
            "s3_import": [],
            "skip_final_snapshot": true,
            "snapshot_identifier": null,
            "status": "available",
            "storage_encrypted": true,
            "storage_throughput": 125,
            "storage_type": "gp3",
            "tags": {
              "Name": "spot-teacher-dev-dev-db"
            },
            "tags_all": {
              "Name": "spot-teacher-dev-dev-db",
              "env": "dev",
              "managedBy": "terraform",
              "team": "spot-teacher-dev"
            },
            "timeouts": null,
            "timezone": "",
            "upgrade_storage_config": null,
            "username": "admin",
            "vpc_security_group_ids": [
              "sg-0ba9a9833f13d283d"
            ]
          },
          "sensitive_attributes": [
            [
              {
                "type": "get_attr",
                "value": "password"
              }
            ],
            [
              {
                "type": "get_attr",
                "value": "password_wo"
              }
            ]
          ],
          "private": "eyJlMmJmYjczMC1lY2FhLTExZTYtOGY4OC0zNDM2M2JjN2M0YzAiOnsiY3JlYXRlIjozMDAwMDAwMDAwMDAwLCJkZWxldGUiOjM2MDAwMDAwMDAwMDAsInVwZGF0ZSI6NDgwMDAwMDAwMDAwMH0sInNjaGVtYV92ZXJzaW9uIjoiMiJ9",
          "dependencies": [
            "data.aws_caller_identity.current",
            "data.aws_region.current",
            "module.iam.aws_iam_role.app_task_role",
            "module.iam.aws_iam_role.rds_monitoring_role",
            "module.iam.aws_iam_role.task_execution_role",
            "module.iam.aws_iam_role_policy.app_secretsmanager_policy",
            "module.iam.aws_iam_role_policy_attachment.rds_monitoring_policy",
            "module.iam.aws_iam_role_policy_attachment.task_execution_policy",
            "module.iam.data.aws_iam_policy_document.app_secretsmanager_read",
            "module.iam.data.aws_iam_policy_document.ecs_tasks_assume_role",
            "module.iam.data.aws_iam_policy_document.rds_monitoring_assume_role",
            "module.network.aws_eip.nat_gateway",
            "module.network.aws_internet_gateway.main",
            "module.network.aws_nat_gateway.main",
            "module.network.aws_route_table.private",
            "module.network.aws_route_table.public",
            "module.network.aws_route_table_association.private",
            "module.network.aws_route_table_association.public",
            "module.network.aws_subnet.private",
            "module.network.aws_subnet.public",
            "module.network.aws_vpc.main",
            "module.rds.aws_db_parameter_group.main",
            "module.rds.aws_db_subnet_group.main",
            "module.security_groups.aws_security_group.alb",
            "module.security_groups.aws_security_group.bastion",
            "module.security_groups.aws_security_group.ecs",
            "module.security_groups.aws_security_group.rds",
            "module.security_groups.aws_security_group_rule.alb_ingress_http",
            "module.security_groups.aws_security_group_rule.bastion_ingress_ssh",
            "module.security_groups.aws_security_group_rule.ecs_egress_to_internet",
            "module.security_groups.aws_security_group_rule.ecs_ingress_from_alb",
            "module.security_groups.aws_security_group_rule.ecs_same_sg",
            "module.security_groups.aws_security_group_rule.rds_ingress_from_bastion",
            "module.security_groups.aws_security_group_rule.rds_ingress_from_ecs"
          ]
        }
      ]
    },
    {
      "module": "module.rds",
      "mode": "managed",
      "type": "aws_db_parameter_group",
      "name": "main",
      "provider": "provider[\"registry.terraform.io/hashicorp/aws\"]",
      "instances": [
        {
          "schema_version": 0,
          "attributes": {
            "arn": "arn:aws:rds:ap-northeast-1:337909779916:pg:spot-teacher-dev-dev-db-pram",
            "description": "DB parameter group for spot-teacher-dev-dev-db",
            "family": "mysql8.0",
            "id": "spot-teacher-dev-dev-db-pram",
            "name": "spot-teacher-dev-dev-db-pram",
            "name_prefix": "",
            "parameter": [
              {
                "apply_method": "immediate",
                "name": "character_set_client",
                "value": "utf8mb4"
              },
              {
                "apply_method": "immediate",
                "name": "character_set_connection",
                "value": "utf8mb4"
              },
              {
                "apply_method": "immediate",
                "name": "character_set_database",
                "value": "utf8mb4"
              },
              {
                "apply_method": "immediate",
                "name": "character_set_filesystem",
                "value": "utf8mb4"
              },
              {
                "apply_method": "immediate",
                "name": "character_set_results",
                "value": "utf8mb4"
              },
              {
                "apply_method": "immediate",
                "name": "character_set_server",
                "value": "utf8mb4"
              },
              {
                "apply_method": "immediate",
                "name": "collation_connection",
                "value": "utf8mb4_general_ci"
              },
              {
                "apply_method": "immediate",
                "name": "collation_server",
                "value": "utf8mb4_general_ci"
              },
              {
                "apply_method": "immediate",
                "name": "slow_query_log",
                "value": "0"
              },
              {
                "apply_method": "immediate",
                "name": "time_zone",
                "value": "Asia/Tokyo"
              },
              {
                "apply_method": "pending-reboot",
                "name": "performance_schema",
                "value": "1"
              },
              {
                "apply_method": "pending-reboot",
                "name": "skip-character-set-client-handshake",
                "value": "1"
              },
              {
                "apply_method": "pending-reboot",
                "name": "skip_name_resolve",
                "value": "1"
              }
            ],
            "skip_destroy": false,
            "tags": {
              "Name": "spot-teacher-dev-dev-db-pram"
            },
            "tags_all": {
              "Name": "spot-teacher-dev-dev-db-pram",
              "env": "dev",
              "managedBy": "terraform",
              "team": "spot-teacher-dev"
            }
          },
          "sensitive_attributes": [],
          "private": "bnVsbA==",
          "dependencies": [
            "data.aws_caller_identity.current",
            "data.aws_region.current",
            "module.iam.aws_iam_role.app_task_role",
            "module.iam.aws_iam_role.rds_monitoring_role",
            "module.iam.aws_iam_role.task_execution_role",
            "module.iam.aws_iam_role_policy.app_secretsmanager_policy",
            "module.iam.aws_iam_role_policy_attachment.rds_monitoring_policy",
            "module.iam.aws_iam_role_policy_attachment.task_execution_policy",
            "module.iam.data.aws_iam_policy_document.app_secretsmanager_read",
            "module.iam.data.aws_iam_policy_document.ecs_tasks_assume_role",
            "module.iam.data.aws_iam_policy_document.rds_monitoring_assume_role",
            "module.network.aws_eip.nat_gateway",
            "module.network.aws_internet_gateway.main",
            "module.network.aws_nat_gateway.main",
            "module.network.aws_route_table.private",
            "module.network.aws_route_table.public",
            "module.network.aws_route_table_association.private",
            "module.network.aws_route_table_association.public",
            "module.network.aws_subnet.private",
            "module.network.aws_subnet.public",
            "module.network.aws_vpc.main",
            "module.security_groups.aws_security_group.alb",
            "module.security_groups.aws_security_group.bastion",
            "module.security_groups.aws_security_group.ecs",
            "module.security_groups.aws_security_group.rds",
            "module.security_groups.aws_security_group_rule.alb_ingress_http",
            "module.security_groups.aws_security_group_rule.bastion_ingress_ssh",
            "module.security_groups.aws_security_group_rule.ecs_egress_to_internet",
            "module.security_groups.aws_security_group_rule.ecs_ingress_from_alb",
            "module.security_groups.aws_security_group_rule.ecs_same_sg",
            "module.security_groups.aws_security_group_rule.rds_ingress_from_bastion",
            "module.security_groups.aws_security_group_rule.rds_ingress_from_ecs"
          ]
        }
      ]
    },
    {
      "module": "module.rds",
      "mode": "managed",
      "type": "aws_db_subnet_group",
      "name": "main",
      "provider": "provider[\"registry.terraform.io/hashicorp/aws\"]",
      "instances": [
        {
          "schema_version": 0,
          "attributes": {
            "arn": "arn:aws:rds:ap-northeast-1:337909779916:subgrp:spot-teacher-dev-dev-subnet-group",
            "description": "DB subnet group for spot-teacher-dev-dev-db",
            "id": "spot-teacher-dev-dev-subnet-group",
            "name": "spot-teacher-dev-dev-subnet-group",
            "name_prefix": "",
            "subnet_ids": [
              "subnet-0496eac1ab1029046",
              "subnet-09d035d397877bc02"
            ],
            "supported_network_types": [
              "IPV4"
            ],
            "tags": {
              "Name": "spot-teacher-dev-dev-subnet-group"
            },
            "tags_all": {
              "Name": "spot-teacher-dev-dev-subnet-group",
              "env": "dev",
              "managedBy": "terraform",
              "team": "spot-teacher-dev"
            },
            "vpc_id": "vpc-04c237cec64c76fe7"
          },
          "sensitive_attributes": [],
          "private": "bnVsbA==",
          "dependencies": [
            "data.aws_caller_identity.current",
            "data.aws_region.current",
            "module.iam.aws_iam_role.app_task_role",
            "module.iam.aws_iam_role.rds_monitoring_role",
            "module.iam.aws_iam_role.task_execution_role",
            "module.iam.aws_iam_role_policy.app_secretsmanager_policy",
            "module.iam.aws_iam_role_policy_attachment.rds_monitoring_policy",
            "module.iam.aws_iam_role_policy_attachment.task_execution_policy",
            "module.iam.data.aws_iam_policy_document.app_secretsmanager_read",
            "module.iam.data.aws_iam_policy_document.ecs_tasks_assume_role",
            "module.iam.data.aws_iam_policy_document.rds_monitoring_assume_role",
            "module.network.aws_eip.nat_gateway",
            "module.network.aws_internet_gateway.main",
            "module.network.aws_nat_gateway.main",
            "module.network.aws_route_table.private",
            "module.network.aws_route_table.public",
            "module.network.aws_route_table_association.private",
            "module.network.aws_route_table_association.public",
            "module.network.aws_subnet.private",
            "module.network.aws_subnet.public",
            "module.network.aws_vpc.main",
            "module.security_groups.aws_security_group.alb",
            "module.security_groups.aws_security_group.bastion",
            "module.security_groups.aws_security_group.ecs",
            "module.security_groups.aws_security_group.rds",
            "module.security_groups.aws_security_group_rule.alb_ingress_http",
            "module.security_groups.aws_security_group_rule.bastion_ingress_ssh",
            "module.security_groups.aws_security_group_rule.ecs_egress_to_internet",
            "module.security_groups.aws_security_group_rule.ecs_ingress_from_alb",
            "module.security_groups.aws_security_group_rule.ecs_same_sg",
            "module.security_groups.aws_security_group_rule.rds_ingress_from_bastion",
            "module.security_groups.aws_security_group_rule.rds_ingress_from_ecs"
          ]
        }
      ]
    },
    {
      "module": "module.security_groups",
      "mode": "managed",
      "type": "aws_security_group",
      "name": "alb",
      "provider": "provider[\"registry.terraform.io/hashicorp/aws\"]",
      "instances": [
        {
          "schema_version": 1,
          "attributes": {
            "arn": "arn:aws:ec2:ap-northeast-1:337909779916:security-group/sg-0a9f9ac29ca857185",
            "description": "Allow HTTP/HTTPS access to the ALB",
            "egress": [],
            "id": "sg-0a9f9ac29ca857185",
            "ingress": [
              {
                "cidr_blocks": [
                  "0.0.0.0/0"
                ],
                "description": "",
                "from_port": 80,
                "ipv6_cidr_blocks": [],
                "prefix_list_ids": [],
                "protocol": "tcp",
                "security_groups": [],
                "self": false,
                "to_port": 80
              }
            ],
            "name": "spot-teacher-dev-dev-alb-sg",
            "name_prefix": "",
            "owner_id": "337909779916",
            "revoke_rules_on_delete": false,
            "tags": {
              "Env": "dev",
              "Name": "spot-teacher-dev-dev-alb-sg"
            },
            "tags_all": {
              "Env": "dev",
              "Name": "spot-teacher-dev-dev-alb-sg",
              "env": "dev",
              "managedBy": "terraform",
              "team": "spot-teacher-dev"
            },
            "timeouts": null,
            "vpc_id": "vpc-04c237cec64c76fe7"
          },
          "sensitive_attributes": [],
          "private": "eyJlMmJmYjczMC1lY2FhLTExZTYtOGY4OC0zNDM2M2JjN2M0YzAiOnsiY3JlYXRlIjo2MDAwMDAwMDAwMDAsImRlbGV0ZSI6OTAwMDAwMDAwMDAwfSwic2NoZW1hX3ZlcnNpb24iOiIxIn0=",
          "dependencies": [
            "module.network.aws_eip.nat_gateway",
            "module.network.aws_internet_gateway.main",
            "module.network.aws_nat_gateway.main",
            "module.network.aws_route_table.private",
            "module.network.aws_route_table.public",
            "module.network.aws_route_table_association.private",
            "module.network.aws_route_table_association.public",
            "module.network.aws_subnet.private",
            "module.network.aws_subnet.public",
            "module.network.aws_vpc.main"
          ]
        }
      ]
    },
    {
      "module": "module.security_groups",
      "mode": "managed",
      "type": "aws_security_group",
      "name": "bastion",
      "provider": "provider[\"registry.terraform.io/hashicorp/aws\"]",
      "instances": []
    },
    {
      "module": "module.security_groups",
      "mode": "managed",
      "type": "aws_security_group",
      "name": "ecs",
      "provider": "provider[\"registry.terraform.io/hashicorp/aws\"]",
      "instances": [
        {
          "schema_version": 1,
          "attributes": {
            "arn": "arn:aws:ec2:ap-northeast-1:337909779916:security-group/sg-08f5f838a8b339121",
            "description": "Allow ALB access to ECS tasks and outbound to RDS/Internet",
            "egress": [
              {
                "cidr_blocks": [],
                "description": "Allow outbound to RDS",
                "from_port": 5432,
                "ipv6_cidr_blocks": [],
                "prefix_list_ids": [],
                "protocol": "tcp",
                "security_groups": [
                  "sg-0ba9a9833f13d283d"
                ],
                "self": false,
                "to_port": 5432
              }
            ],
            "id": "sg-08f5f838a8b339121",
            "ingress": [
              {
                "cidr_blocks": [],
                "description": "Allow ingress from ALB",
                "from_port": 8080,
                "ipv6_cidr_blocks": [],
                "prefix_list_ids": [],
                "protocol": "tcp",
                "security_groups": [
                  "sg-0a9f9ac29ca857185"
                ],
                "self": false,
                "to_port": 8080
              },
              {
                "cidr_blocks": [],
                "description": "Allow same security group",
                "from_port": 0,
                "ipv6_cidr_blocks": [],
                "prefix_list_ids": [],
                "protocol": "-1",
                "security_groups": [],
                "self": true,
                "to_port": 0
              }
            ],
            "name": "spot-teacher-dev-dev-ecs-sg",
            "name_prefix": "",
            "owner_id": "337909779916",
            "revoke_rules_on_delete": false,
            "tags": {
              "Env": "dev",
              "Name": "spot-teacher-dev-dev-ecs-sg"
            },
            "tags_all": {
              "Env": "dev",
              "Name": "spot-teacher-dev-dev-ecs-sg",
              "env": "dev",
              "managedBy": "terraform",
              "team": "spot-teacher-dev"
            },
            "timeouts": null,
            "vpc_id": "vpc-04c237cec64c76fe7"
          },
          "sensitive_attributes": [],
          "private": "eyJlMmJmYjczMC1lY2FhLTExZTYtOGY4OC0zNDM2M2JjN2M0YzAiOnsiY3JlYXRlIjo2MDAwMDAwMDAwMDAsImRlbGV0ZSI6OTAwMDAwMDAwMDAwfSwic2NoZW1hX3ZlcnNpb24iOiIxIn0=",
          "dependencies": [
            "module.network.aws_eip.nat_gateway",
            "module.network.aws_internet_gateway.main",
            "module.network.aws_nat_gateway.main",
            "module.network.aws_route_table.private",
            "module.network.aws_route_table.public",
            "module.network.aws_route_table_association.private",
            "module.network.aws_route_table_association.public",
            "module.network.aws_subnet.private",
            "module.network.aws_subnet.public",
            "module.network.aws_vpc.main",
            "module.security_groups.aws_security_group.rds"
          ]
        }
      ]
    },
    {
      "module": "module.security_groups",
      "mode": "managed",
      "type": "aws_security_group",
      "name": "rds",
      "provider": "provider[\"registry.terraform.io/hashicorp/aws\"]",
      "instances": [
        {
          "schema_version": 1,
          "attributes": {
            "arn": "arn:aws:ec2:ap-northeast-1:337909779916:security-group/sg-0ba9a9833f13d283d",
            "description": "Allow access to RDS database from ECS tasks/Bastion",
            "egress": [
              {
                "cidr_blocks": [
                  "0.0.0.0/0"
                ],
                "description": "",
                "from_port": 0,
                "ipv6_cidr_blocks": [],
                "prefix_list_ids": [],
                "protocol": "-1",
                "security_groups": [],
                "self": false,
                "to_port": 0
              }
            ],
            "id": "sg-0ba9a9833f13d283d",
            "ingress": [
              {
                "cidr_blocks": [],
                "description": "",
                "from_port": 5432,
                "ipv6_cidr_blocks": [],
                "prefix_list_ids": [],
                "protocol": "tcp",
                "security_groups": [
                  "sg-08f5f838a8b339121"
                ],
                "self": false,
                "to_port": 5432
              }
            ],
            "name": "spot-teacher-dev-dev-rds-sg",
            "name_prefix": "",
            "owner_id": "337909779916",
            "revoke_rules_on_delete": false,
            "tags": {
              "Env": "dev",
              "Name": "spot-teacher-dev-dev-rds-sg"
            },
            "tags_all": {
              "Env": "dev",
              "Name": "spot-teacher-dev-dev-rds-sg",
              "env": "dev",
              "managedBy": "terraform",
              "team": "spot-teacher-dev"
            },
            "timeouts": null,
            "vpc_id": "vpc-04c237cec64c76fe7"
          },
          "sensitive_attributes": [],
          "private": "eyJlMmJmYjczMC1lY2FhLTExZTYtOGY4OC0zNDM2M2JjN2M0YzAiOnsiY3JlYXRlIjo2MDAwMDAwMDAwMDAsImRlbGV0ZSI6OTAwMDAwMDAwMDAwfSwic2NoZW1hX3ZlcnNpb24iOiIxIn0=",
          "dependencies": [
            "module.network.aws_eip.nat_gateway",
            "module.network.aws_internet_gateway.main",
            "module.network.aws_nat_gateway.main",
            "module.network.aws_route_table.private",
            "module.network.aws_route_table.public",
            "module.network.aws_route_table_association.private",
            "module.network.aws_route_table_association.public",
            "module.network.aws_subnet.private",
            "module.network.aws_subnet.public",
            "module.network.aws_vpc.main"
          ]
        }
      ]
    },
    {
      "module": "module.security_groups",
      "mode": "managed",
      "type": "aws_security_group_rule",
      "name": "alb_ingress_http",
      "provider": "provider[\"registry.terraform.io/hashicorp/aws\"]",
      "instances": [
        {
          "schema_version": 2,
          "attributes": {
            "cidr_blocks": [
              "0.0.0.0/0"
            ],
            "description": null,
            "from_port": 80,
            "id": "sgrule-2878465517",
            "ipv6_cidr_blocks": null,
            "prefix_list_ids": null,
            "protocol": "tcp",
            "security_group_id": "sg-0a9f9ac29ca857185",
            "security_group_rule_id": "sgr-04a26912aa218e473",
            "self": false,
            "source_security_group_id": null,
            "timeouts": null,
            "to_port": 80,
            "type": "ingress"
          },
          "sensitive_attributes": [],
          "private": "eyJlMmJmYjczMC1lY2FhLTExZTYtOGY4OC0zNDM2M2JjN2M0YzAiOnsiY3JlYXRlIjozMDAwMDAwMDAwMDB9LCJzY2hlbWFfdmVyc2lvbiI6IjIifQ==",
          "dependencies": [
            "module.network.aws_eip.nat_gateway",
            "module.network.aws_internet_gateway.main",
            "module.network.aws_nat_gateway.main",
            "module.network.aws_route_table.private",
            "module.network.aws_route_table.public",
            "module.network.aws_route_table_association.private",
            "module.network.aws_route_table_association.public",
            "module.network.aws_subnet.private",
            "module.network.aws_subnet.public",
            "module.network.aws_vpc.main",
            "module.security_groups.aws_security_group.alb"
          ]
        }
      ]
    },
    {
      "module": "module.security_groups",
      "mode": "managed",
      "type": "aws_security_group_rule",
      "name": "bastion_ingress_ssh",
      "provider": "provider[\"registry.terraform.io/hashicorp/aws\"]",
      "instances": []
    },
    {
      "module": "module.security_groups",
      "mode": "managed",
      "type": "aws_security_group_rule",
      "name": "ecs_egress_to_internet",
      "provider": "provider[\"registry.terraform.io/hashicorp/aws\"]",
      "instances": [
        {
          "schema_version": 2,
          "attributes": {
            "cidr_blocks": [
              "0.0.0.0/0"
            ],
            "description": "Allow all outbound to Internet",
            "from_port": 0,
            "id": "sgrule-1792518898",
            "ipv6_cidr_blocks": null,
            "prefix_list_ids": null,
            "protocol": "-1",
            "security_group_id": "sg-08f5f838a8b339121",
            "security_group_rule_id": "sgr-061d9dd50a7e9bbb8",
            "self": false,
            "source_security_group_id": null,
            "timeouts": null,
            "to_port": 65535,
            "type": "egress"
          },
          "sensitive_attributes": [],
          "private": "eyJlMmJmYjczMC1lY2FhLTExZTYtOGY4OC0zNDM2M2JjN2M0YzAiOnsiY3JlYXRlIjozMDAwMDAwMDAwMDB9LCJzY2hlbWFfdmVyc2lvbiI6IjIifQ==",
          "dependencies": [
            "module.network.aws_eip.nat_gateway",
            "module.network.aws_internet_gateway.main",
            "module.network.aws_nat_gateway.main",
            "module.network.aws_route_table.private",
            "module.network.aws_route_table.public",
            "module.network.aws_route_table_association.private",
            "module.network.aws_route_table_association.public",
            "module.network.aws_subnet.private",
            "module.network.aws_subnet.public",
            "module.network.aws_vpc.main",
            "module.security_groups.aws_security_group.ecs",
            "module.security_groups.aws_security_group.rds"
          ]
        }
      ]
    },
    {
      "module": "module.security_groups",
      "mode": "managed",
      "type": "aws_security_group_rule",
      "name": "ecs_ingress_from_alb",
      "provider": "provider[\"registry.terraform.io/hashicorp/aws\"]",
      "instances": [
        {
          "schema_version": 2,
          "attributes": {
            "cidr_blocks": null,
            "description": "Allow ingress from ALB",
            "from_port": 8080,
            "id": "sgrule-3093679857",
            "ipv6_cidr_blocks": null,
            "prefix_list_ids": null,
            "protocol": "tcp",
            "security_group_id": "sg-08f5f838a8b339121",
            "security_group_rule_id": "sgr-0c806398e89311b4f",
            "self": false,
            "source_security_group_id": "sg-0a9f9ac29ca857185",
            "timeouts": null,
            "to_port": 8080,
            "type": "ingress"
          },
          "sensitive_attributes": [],
          "private": "eyJlMmJmYjczMC1lY2FhLTExZTYtOGY4OC0zNDM2M2JjN2M0YzAiOnsiY3JlYXRlIjozMDAwMDAwMDAwMDB9LCJzY2hlbWFfdmVyc2lvbiI6IjIifQ==",
          "dependencies": [
            "module.network.aws_eip.nat_gateway",
            "module.network.aws_internet_gateway.main",
            "module.network.aws_nat_gateway.main",
            "module.network.aws_route_table.private",
            "module.network.aws_route_table.public",
            "module.network.aws_route_table_association.private",
            "module.network.aws_route_table_association.public",
            "module.network.aws_subnet.private",
            "module.network.aws_subnet.public",
            "module.network.aws_vpc.main",
            "module.security_groups.aws_security_group.alb",
            "module.security_groups.aws_security_group.ecs",
            "module.security_groups.aws_security_group.rds"
          ]
        }
      ]
    },
    {
      "module": "module.security_groups",
      "mode": "managed",
      "type": "aws_security_group_rule",
      "name": "ecs_same_sg",
      "provider": "provider[\"registry.terraform.io/hashicorp/aws\"]",
      "instances": [
        {
          "schema_version": 2,
          "attributes": {
            "cidr_blocks": null,
            "description": "Allow same security group",
            "from_port": 0,
            "id": "sgrule-3646410835",
            "ipv6_cidr_blocks": null,
            "prefix_list_ids": null,
            "protocol": "-1",
            "security_group_id": "sg-08f5f838a8b339121",
            "security_group_rule_id": "sgr-08d95f8b70bb992f9",
            "self": false,
            "source_security_group_id": "sg-08f5f838a8b339121",
            "timeouts": null,
            "to_port": 0,
            "type": "ingress"
          },
          "sensitive_attributes": [],
          "private": "eyJlMmJmYjczMC1lY2FhLTExZTYtOGY4OC0zNDM2M2JjN2M0YzAiOnsiY3JlYXRlIjozMDAwMDAwMDAwMDB9LCJzY2hlbWFfdmVyc2lvbiI6IjIifQ==",
          "dependencies": [
            "module.network.aws_eip.nat_gateway",
            "module.network.aws_internet_gateway.main",
            "module.network.aws_nat_gateway.main",
            "module.network.aws_route_table.private",
            "module.network.aws_route_table.public",
            "module.network.aws_route_table_association.private",
            "module.network.aws_route_table_association.public",
            "module.network.aws_subnet.private",
            "module.network.aws_subnet.public",
            "module.network.aws_vpc.main",
            "module.security_groups.aws_security_group.ecs",
            "module.security_groups.aws_security_group.rds"
          ]
        }
      ]
    },
    {
      "module": "module.security_groups",
      "mode": "managed",
      "type": "aws_security_group_rule",
      "name": "rds_ingress_from_bastion",
      "provider": "provider[\"registry.terraform.io/hashicorp/aws\"]",
      "instances": []
    },
    {
      "module": "module.security_groups",
      "mode": "managed",
      "type": "aws_security_group_rule",
      "name": "rds_ingress_from_ecs",
      "provider": "provider[\"registry.terraform.io/hashicorp/aws\"]",
      "instances": [
        {
          "schema_version": 2,
          "attributes": {
            "cidr_blocks": null,
            "description": null,
            "from_port": 5432,
            "id": "sgrule-791920530",
            "ipv6_cidr_blocks": null,
            "prefix_list_ids": null,
            "protocol": "tcp",
            "security_group_id": "sg-0ba9a9833f13d283d",
            "security_group_rule_id": "sgr-0994c82e0bfdeb1d8",
            "self": false,
            "source_security_group_id": "sg-08f5f838a8b339121",
            "timeouts": null,
            "to_port": 5432,
            "type": "ingress"
          },
          "sensitive_attributes": [],
          "private": "eyJlMmJmYjczMC1lY2FhLTExZTYtOGY4OC0zNDM2M2JjN2M0YzAiOnsiY3JlYXRlIjozMDAwMDAwMDAwMDB9LCJzY2hlbWFfdmVyc2lvbiI6IjIifQ==",
          "dependencies": [
            "module.network.aws_eip.nat_gateway",
            "module.network.aws_internet_gateway.main",
            "module.network.aws_nat_gateway.main",
            "module.network.aws_route_table.private",
            "module.network.aws_route_table.public",
            "module.network.aws_route_table_association.private",
            "module.network.aws_route_table_association.public",
            "module.network.aws_subnet.private",
            "module.network.aws_subnet.public",
            "module.network.aws_vpc.main",
            "module.security_groups.aws_security_group.ecs",
            "module.security_groups.aws_security_group.rds"
          ]
        }
      ]
    }
  ],
  "check_results": [
    {
      "object_kind": "var",
      "config_addr": "module.alb.var.alb_listener_protocol",
      "status": "pass",
      "objects": [
        {
          "object_addr": "module.alb.var.alb_listener_protocol",
          "status": "pass"
        }
      ]
    }
  ]
}
